// !$*UTF8*$!
{
	archiveVersion = 1;
	classes = {
	};
	objectVersion = 56;
	objects = {

/* Begin PBXBuildFile section */
		4457FE022BDB7C1100001C0B /* PresentationLayer in Frameworks */ = {isa = PBXBuildFile; productRef = 4457FE012BDB7C1100001C0B /* PresentationLayer */; };
		4457FE042BDB7C1700001C0B /* DomainLayer in Frameworks */ = {isa = PBXBuildFile; productRef = 4457FE032BDB7C1700001C0B /* DomainLayer */; };
		4457FE062BDB7C1900001C0B /* FrameworkLayer in Frameworks */ = {isa = PBXBuildFile; productRef = 4457FE052BDB7C1900001C0B /* FrameworkLayer */; };
		44D88A2E2BDB5FC700EA6D06 /* ProductionApp.swift in Sources */ = {isa = PBXBuildFile; fileRef = 44D88A2D2BDB5FC700EA6D06 /* ProductionApp.swift */; };
		44D88A322BDB5FC800EA6D06 /* Assets.xcassets in Resources */ = {isa = PBXBuildFile; fileRef = 44D88A312BDB5FC800EA6D06 /* Assets.xcassets */; };
		44D88A362BDB5FC800EA6D06 /* Preview Assets.xcassets in Resources */ = {isa = PBXBuildFile; fileRef = 44D88A352BDB5FC800EA6D06 /* Preview Assets.xcassets */; };
		44D88A402BDB5FC800EA6D06 /* ProductionTests.swift in Sources */ = {isa = PBXBuildFile; fileRef = 44D88A3F2BDB5FC800EA6D06 /* ProductionTests.swift */; };
		44D88A4A2BDB5FC800EA6D06 /* ProductionUITests.swift in Sources */ = {isa = PBXBuildFile; fileRef = 44D88A492BDB5FC800EA6D06 /* ProductionUITests.swift */; };
/* End PBXBuildFile section */

/* Begin PBXContainerItemProxy section */
		44D88A3C2BDB5FC800EA6D06 /* PBXContainerItemProxy */ = {
			isa = PBXContainerItemProxy;
			containerPortal = 44D88A222BDB5FC700EA6D06 /* Project object */;
			proxyType = 1;
			remoteGlobalIDString = 44D88A292BDB5FC700EA6D06;
			remoteInfo = Production;
		};
		44D88A462BDB5FC800EA6D06 /* PBXContainerItemProxy */ = {
			isa = PBXContainerItemProxy;
			containerPortal = 44D88A222BDB5FC700EA6D06 /* Project object */;
			proxyType = 1;
			remoteGlobalIDString = 44D88A292BDB5FC700EA6D06;
			remoteInfo = Production;
		};
/* End PBXContainerItemProxy section */

/* Begin PBXFileReference section */
		44D88A2A2BDB5FC700EA6D06 /* Production.app */ = {isa = PBXFileReference; explicitFileType = wrapper.application; includeInIndex = 0; path = Production.app; sourceTree = BUILT_PRODUCTS_DIR; };
		44D88A2D2BDB5FC700EA6D06 /* ProductionApp.swift */ = {isa = PBXFileReference; lastKnownFileType = sourcecode.swift; path = ProductionApp.swift; sourceTree = "<group>"; };
		44D88A312BDB5FC800EA6D06 /* Assets.xcassets */ = {isa = PBXFileReference; lastKnownFileType = folder.assetcatalog; path = Assets.xcassets; sourceTree = "<group>"; };
		44D88A332BDB5FC800EA6D06 /* Production.entitlements */ = {isa = PBXFileReference; lastKnownFileType = text.plist.entitlements; path = Production.entitlements; sourceTree = "<group>"; };
		44D88A352BDB5FC800EA6D06 /* Preview Assets.xcassets */ = {isa = PBXFileReference; lastKnownFileType = folder.assetcatalog; path = "Preview Assets.xcassets"; sourceTree = "<group>"; };
		44D88A3B2BDB5FC800EA6D06 /* ProductionTests.xctest */ = {isa = PBXFileReference; explicitFileType = wrapper.cfbundle; includeInIndex = 0; path = ProductionTests.xctest; sourceTree = BUILT_PRODUCTS_DIR; };
		44D88A3F2BDB5FC800EA6D06 /* ProductionTests.swift */ = {isa = PBXFileReference; lastKnownFileType = sourcecode.swift; path = ProductionTests.swift; sourceTree = "<group>"; };
		44D88A452BDB5FC800EA6D06 /* ProductionUITests.xctest */ = {isa = PBXFileReference; explicitFileType = wrapper.cfbundle; includeInIndex = 0; path = ProductionUITests.xctest; sourceTree = BUILT_PRODUCTS_DIR; };
		44D88A492BDB5FC800EA6D06 /* ProductionUITests.swift */ = {isa = PBXFileReference; lastKnownFileType = sourcecode.swift; path = ProductionUITests.swift; sourceTree = "<group>"; };
/* End PBXFileReference section */

/* Begin PBXFrameworksBuildPhase section */
		44D88A272BDB5FC700EA6D06 /* Frameworks */ = {
			isa = PBXFrameworksBuildPhase;
			buildActionMask = 2147483647;
			files = (
				4457FE042BDB7C1700001C0B /* DomainLayer in Frameworks */,
				4457FE022BDB7C1100001C0B /* PresentationLayer in Frameworks */,
				4457FE062BDB7C1900001C0B /* FrameworkLayer in Frameworks */,
			);
			runOnlyForDeploymentPostprocessing = 0;
		};
		44D88A382BDB5FC800EA6D06 /* Frameworks */ = {
			isa = PBXFrameworksBuildPhase;
			buildActionMask = 2147483647;
			files = (
			);
			runOnlyForDeploymentPostprocessing = 0;
		};
		44D88A422BDB5FC800EA6D06 /* Frameworks */ = {
			isa = PBXFrameworksBuildPhase;
			buildActionMask = 2147483647;
			files = (
			);
			runOnlyForDeploymentPostprocessing = 0;
		};
/* End PBXFrameworksBuildPhase section */

/* Begin PBXGroup section */
		44D88A212BDB5FC700EA6D06 = {
			isa = PBXGroup;
			children = (
				44D88A2C2BDB5FC700EA6D06 /* Production */,
				44D88A3E2BDB5FC800EA6D06 /* ProductionTests */,
				44D88A482BDB5FC800EA6D06 /* ProductionUITests */,
				44D88A2B2BDB5FC700EA6D06 /* Products */,
				44D88A5B2BDB606600EA6D06 /* Frameworks */,
			);
			sourceTree = "<group>";
		};
		44D88A2B2BDB5FC700EA6D06 /* Products */ = {
			isa = PBXGroup;
			children = (
				44D88A2A2BDB5FC700EA6D06 /* Production.app */,
				44D88A3B2BDB5FC800EA6D06 /* ProductionTests.xctest */,
				44D88A452BDB5FC800EA6D06 /* ProductionUITests.xctest */,
			);
			name = Products;
			sourceTree = "<group>";
		};
		44D88A2C2BDB5FC700EA6D06 /* Production */ = {
			isa = PBXGroup;
			children = (
				44D88A2D2BDB5FC700EA6D06 /* ProductionApp.swift */,
				44D88A312BDB5FC800EA6D06 /* Assets.xcassets */,
				44D88A332BDB5FC800EA6D06 /* Production.entitlements */,
				44D88A342BDB5FC800EA6D06 /* Preview Content */,
			);
			path = Production;
			sourceTree = "<group>";
		};
		44D88A342BDB5FC800EA6D06 /* Preview Content */ = {
			isa = PBXGroup;
			children = (
				44D88A352BDB5FC800EA6D06 /* Preview Assets.xcassets */,
			);
			path = "Preview Content";
			sourceTree = "<group>";
		};
		44D88A3E2BDB5FC800EA6D06 /* ProductionTests */ = {
			isa = PBXGroup;
			children = (
				44D88A3F2BDB5FC800EA6D06 /* ProductionTests.swift */,
			);
			path = ProductionTests;
			sourceTree = "<group>";
		};
		44D88A482BDB5FC800EA6D06 /* ProductionUITests */ = {
			isa = PBXGroup;
			children = (
				44D88A492BDB5FC800EA6D06 /* ProductionUITests.swift */,
			);
			path = ProductionUITests;
			sourceTree = "<group>";
		};
		44D88A5B2BDB606600EA6D06 /* Frameworks */ = {
			isa = PBXGroup;
			children = (
			);
			name = Frameworks;
			sourceTree = "<group>";
		};
/* End PBXGroup section */

/* Begin PBXNativeTarget section */
		44D88A292BDB5FC700EA6D06 /* Production */ = {
			isa = PBXNativeTarget;
			buildConfigurationList = 44D88A4F2BDB5FC800EA6D06 /* Build configuration list for PBXNativeTarget "Production" */;
			buildPhases = (
				44D88A262BDB5FC700EA6D06 /* Sources */,
				44D88A272BDB5FC700EA6D06 /* Frameworks */,
				44D88A282BDB5FC700EA6D06 /* Resources */,
			);
			buildRules = (
			);
			dependencies = (
			);
			name = Production;
			packageProductDependencies = (
				4457FE012BDB7C1100001C0B /* PresentationLayer */,
				4457FE032BDB7C1700001C0B /* DomainLayer */,
				4457FE052BDB7C1900001C0B /* FrameworkLayer */,
			);
			productName = Production;
			productReference = 44D88A2A2BDB5FC700EA6D06 /* Production.app */;
			productType = "com.apple.product-type.application";
		};
		44D88A3A2BDB5FC800EA6D06 /* ProductionTests */ = {
			isa = PBXNativeTarget;
			buildConfigurationList = 44D88A522BDB5FC800EA6D06 /* Build configuration list for PBXNativeTarget "ProductionTests" */;
			buildPhases = (
				44D88A372BDB5FC800EA6D06 /* Sources */,
				44D88A382BDB5FC800EA6D06 /* Frameworks */,
				44D88A392BDB5FC800EA6D06 /* Resources */,
			);
			buildRules = (
			);
			dependencies = (
				44D88A3D2BDB5FC800EA6D06 /* PBXTargetDependency */,
			);
			name = ProductionTests;
			productName = ProductionTests;
			productReference = 44D88A3B2BDB5FC800EA6D06 /* ProductionTests.xctest */;
			productType = "com.apple.product-type.bundle.unit-test";
		};
		44D88A442BDB5FC800EA6D06 /* ProductionUITests */ = {
			isa = PBXNativeTarget;
			buildConfigurationList = 44D88A552BDB5FC800EA6D06 /* Build configuration list for PBXNativeTarget "ProductionUITests" */;
			buildPhases = (
				44D88A412BDB5FC800EA6D06 /* Sources */,
				44D88A422BDB5FC800EA6D06 /* Frameworks */,
				44D88A432BDB5FC800EA6D06 /* Resources */,
			);
			buildRules = (
			);
			dependencies = (
				44D88A472BDB5FC800EA6D06 /* PBXTargetDependency */,
			);
			name = ProductionUITests;
			productName = ProductionUITests;
			productReference = 44D88A452BDB5FC800EA6D06 /* ProductionUITests.xctest */;
			productType = "com.apple.product-type.bundle.ui-testing";
		};
/* End PBXNativeTarget section */

/* Begin PBXProject section */
		44D88A222BDB5FC700EA6D06 /* Project object */ = {
			isa = PBXProject;
			attributes = {
				BuildIndependentTargetsInParallel = 1;
				LastSwiftUpdateCheck = 1530;
				LastUpgradeCheck = 1530;
				TargetAttributes = {
					44D88A292BDB5FC700EA6D06 = {
						CreatedOnToolsVersion = 15.3;
					};
					44D88A3A2BDB5FC800EA6D06 = {
						CreatedOnToolsVersion = 15.3;
						TestTargetID = 44D88A292BDB5FC700EA6D06;
					};
					44D88A442BDB5FC800EA6D06 = {
						CreatedOnToolsVersion = 15.3;
						TestTargetID = 44D88A292BDB5FC700EA6D06;
					};
				};
			};
			buildConfigurationList = 44D88A252BDB5FC700EA6D06 /* Build configuration list for PBXProject "Production" */;
			compatibilityVersion = "Xcode 14.0";
			developmentRegion = en;
			hasScannedForEncodings = 0;
			knownRegions = (
				en,
				Base,
			);
			mainGroup = 44D88A212BDB5FC700EA6D06;
			productRefGroup = 44D88A2B2BDB5FC700EA6D06 /* Products */;
			projectDirPath = "";
			projectRoot = "";
			targets = (
				44D88A292BDB5FC700EA6D06 /* Production */,
				44D88A3A2BDB5FC800EA6D06 /* ProductionTests */,
				44D88A442BDB5FC800EA6D06 /* ProductionUITests */,
			);
		};
/* End PBXProject section */

/* Begin PBXResourcesBuildPhase section */
		44D88A282BDB5FC700EA6D06 /* Resources */ = {
			isa = PBXResourcesBuildPhase;
			buildActionMask = 2147483647;
			files = (
				44D88A362BDB5FC800EA6D06 /* Preview Assets.xcassets in Resources */,
				44D88A322BDB5FC800EA6D06 /* Assets.xcassets in Resources */,
			);
			runOnlyForDeploymentPostprocessing = 0;
		};
		44D88A392BDB5FC800EA6D06 /* Resources */ = {
			isa = PBXResourcesBuildPhase;
			buildActionMask = 2147483647;
			files = (
			);
			runOnlyForDeploymentPostprocessing = 0;
		};
		44D88A432BDB5FC800EA6D06 /* Resources */ = {
			isa = PBXResourcesBuildPhase;
			buildActionMask = 2147483647;
			files = (
			);
			runOnlyForDeploymentPostprocessing = 0;
		};
/* End PBXResourcesBuildPhase section */

/* Begin PBXSourcesBuildPhase section */
		44D88A262BDB5FC700EA6D06 /* Sources */ = {
			isa = PBXSourcesBuildPhase;
			buildActionMask = 2147483647;
			files = (
				44D88A2E2BDB5FC700EA6D06 /* ProductionApp.swift in Sources */,
			);
			runOnlyForDeploymentPostprocessing = 0;
		};
		44D88A372BDB5FC800EA6D06 /* Sources */ = {
			isa = PBXSourcesBuildPhase;
			buildActionMask = 2147483647;
			files = (
				44D88A402BDB5FC800EA6D06 /* ProductionTests.swift in Sources */,
			);
			runOnlyForDeploymentPostprocessing = 0;
		};
		44D88A412BDB5FC800EA6D06 /* Sources */ = {
			isa = PBXSourcesBuildPhase;
			buildActionMask = 2147483647;
			files = (
				44D88A4A2BDB5FC800EA6D06 /* ProductionUITests.swift in Sources */,
			);
			runOnlyForDeploymentPostprocessing = 0;
		};
/* End PBXSourcesBuildPhase section */

/* Begin PBXTargetDependency section */
		44D88A3D2BDB5FC800EA6D06 /* PBXTargetDependency */ = {
			isa = PBXTargetDependency;
			target = 44D88A292BDB5FC700EA6D06 /* Production */;
			targetProxy = 44D88A3C2BDB5FC800EA6D06 /* PBXContainerItemProxy */;
		};
		44D88A472BDB5FC800EA6D06 /* PBXTargetDependency */ = {
			isa = PBXTargetDependency;
			target = 44D88A292BDB5FC700EA6D06 /* Production */;
			targetProxy = 44D88A462BDB5FC800EA6D06 /* PBXContainerItemProxy */;
		};
/* End PBXTargetDependency section */

/* Begin XCBuildConfiguration section */
		44D88A4D2BDB5FC800EA6D06 /* Debug */ = {
			isa = XCBuildConfiguration;
			buildSettings = {
				ALWAYS_SEARCH_USER_PATHS = NO;
				ASSETCATALOG_COMPILER_GENERATE_SWIFT_ASSET_SYMBOL_EXTENSIONS = YES;
				CLANG_ANALYZER_NONNULL = YES;
				CLANG_ANALYZER_NUMBER_OBJECT_CONVERSION = YES_AGGRESSIVE;
				CLANG_CXX_LANGUAGE_STANDARD = "gnu++20";
				CLANG_ENABLE_MODULES = YES;
				CLANG_ENABLE_OBJC_ARC = YES;
				CLANG_ENABLE_OBJC_WEAK = YES;
				CLANG_WARN_BLOCK_CAPTURE_AUTORELEASING = YES;
				CLANG_WARN_BOOL_CONVERSION = YES;
				CLANG_WARN_COMMA = YES;
				CLANG_WARN_CONSTANT_CONVERSION = YES;
				CLANG_WARN_DEPRECATED_OBJC_IMPLEMENTATIONS = YES;
				CLANG_WARN_DIRECT_OBJC_ISA_USAGE = YES_ERROR;
				CLANG_WARN_DOCUMENTATION_COMMENTS = YES;
				CLANG_WARN_EMPTY_BODY = YES;
				CLANG_WARN_ENUM_CONVERSION = YES;
				CLANG_WARN_INFINITE_RECURSION = YES;
				CLANG_WARN_INT_CONVERSION = YES;
				CLANG_WARN_NON_LITERAL_NULL_CONVERSION = YES;
				CLANG_WARN_OBJC_IMPLICIT_RETAIN_SELF = YES;
				CLANG_WARN_OBJC_LITERAL_CONVERSION = YES;
				CLANG_WARN_OBJC_ROOT_CLASS = YES_ERROR;
				CLANG_WARN_QUOTED_INCLUDE_IN_FRAMEWORK_HEADER = YES;
				CLANG_WARN_RANGE_LOOP_ANALYSIS = YES;
				CLANG_WARN_STRICT_PROTOTYPES = YES;
				CLANG_WARN_SUSPICIOUS_MOVE = YES;
				CLANG_WARN_UNGUARDED_AVAILABILITY = YES_AGGRESSIVE;
				CLANG_WARN_UNREACHABLE_CODE = YES;
				CLANG_WARN__DUPLICATE_METHOD_MATCH = YES;
				COPY_PHASE_STRIP = NO;
				DEBUG_INFORMATION_FORMAT = dwarf;
				ENABLE_STRICT_OBJC_MSGSEND = YES;
				ENABLE_TESTABILITY = YES;
				ENABLE_USER_SCRIPT_SANDBOXING = YES;
				GCC_C_LANGUAGE_STANDARD = gnu17;
				GCC_DYNAMIC_NO_PIC = NO;
				GCC_NO_COMMON_BLOCKS = YES;
				GCC_OPTIMIZATION_LEVEL = 0;
				GCC_PREPROCESSOR_DEFINITIONS = (
					"DEBUG=1",
					"$(inherited)",
				);
				GCC_WARN_64_TO_32_BIT_CONVERSION = YES;
				GCC_WARN_ABOUT_RETURN_TYPE = YES_ERROR;
				GCC_WARN_UNDECLARED_SELECTOR = YES;
				GCC_WARN_UNINITIALIZED_AUTOS = YES_AGGRESSIVE;
				GCC_WARN_UNUSED_FUNCTION = YES;
				GCC_WARN_UNUSED_VARIABLE = YES;
				LOCALIZATION_PREFERS_STRING_CATALOGS = YES;
				MTL_ENABLE_DEBUG_INFO = INCLUDE_SOURCE;
				MTL_FAST_MATH = YES;
				ONLY_ACTIVE_ARCH = YES;
				SWIFT_ACTIVE_COMPILATION_CONDITIONS = "DEBUG $(inherited)";
				SWIFT_OPTIMIZATION_LEVEL = "-Onone";
			};
			name = Debug;
		};
		44D88A4E2BDB5FC800EA6D06 /* Release */ = {
			isa = XCBuildConfiguration;
			buildSettings = {
				ALWAYS_SEARCH_USER_PATHS = NO;
				ASSETCATALOG_COMPILER_GENERATE_SWIFT_ASSET_SYMBOL_EXTENSIONS = YES;
				CLANG_ANALYZER_NONNULL = YES;
				CLANG_ANALYZER_NUMBER_OBJECT_CONVERSION = YES_AGGRESSIVE;
				CLANG_CXX_LANGUAGE_STANDARD = "gnu++20";
				CLANG_ENABLE_MODULES = YES;
				CLANG_ENABLE_OBJC_ARC = YES;
				CLANG_ENABLE_OBJC_WEAK = YES;
				CLANG_WARN_BLOCK_CAPTURE_AUTORELEASING = YES;
				CLANG_WARN_BOOL_CONVERSION = YES;
				CLANG_WARN_COMMA = YES;
				CLANG_WARN_CONSTANT_CONVERSION = YES;
				CLANG_WARN_DEPRECATED_OBJC_IMPLEMENTATIONS = YES;
				CLANG_WARN_DIRECT_OBJC_ISA_USAGE = YES_ERROR;
				CLANG_WARN_DOCUMENTATION_COMMENTS = YES;
				CLANG_WARN_EMPTY_BODY = YES;
				CLANG_WARN_ENUM_CONVERSION = YES;
				CLANG_WARN_INFINITE_RECURSION = YES;
				CLANG_WARN_INT_CONVERSION = YES;
				CLANG_WARN_NON_LITERAL_NULL_CONVERSION = YES;
				CLANG_WARN_OBJC_IMPLICIT_RETAIN_SELF = YES;
				CLANG_WARN_OBJC_LITERAL_CONVERSION = YES;
				CLANG_WARN_OBJC_ROOT_CLASS = YES_ERROR;
				CLANG_WARN_QUOTED_INCLUDE_IN_FRAMEWORK_HEADER = YES;
				CLANG_WARN_RANGE_LOOP_ANALYSIS = YES;
				CLANG_WARN_STRICT_PROTOTYPES = YES;
				CLANG_WARN_SUSPICIOUS_MOVE = YES;
				CLANG_WARN_UNGUARDED_AVAILABILITY = YES_AGGRESSIVE;
				CLANG_WARN_UNREACHABLE_CODE = YES;
				CLANG_WARN__DUPLICATE_METHOD_MATCH = YES;
				COPY_PHASE_STRIP = NO;
				DEBUG_INFORMATION_FORMAT = "dwarf-with-dsym";
				ENABLE_NS_ASSERTIONS = NO;
				ENABLE_STRICT_OBJC_MSGSEND = YES;
				ENABLE_USER_SCRIPT_SANDBOXING = YES;
				GCC_C_LANGUAGE_STANDARD = gnu17;
				GCC_NO_COMMON_BLOCKS = YES;
				GCC_WARN_64_TO_32_BIT_CONVERSION = YES;
				GCC_WARN_ABOUT_RETURN_TYPE = YES_ERROR;
				GCC_WARN_UNDECLARED_SELECTOR = YES;
				GCC_WARN_UNINITIALIZED_AUTOS = YES_AGGRESSIVE;
				GCC_WARN_UNUSED_FUNCTION = YES;
				GCC_WARN_UNUSED_VARIABLE = YES;
				LOCALIZATION_PREFERS_STRING_CATALOGS = YES;
				MTL_ENABLE_DEBUG_INFO = NO;
				MTL_FAST_MATH = YES;
				SWIFT_COMPILATION_MODE = wholemodule;
			};
			name = Release;
		};
		44D88A502BDB5FC800EA6D06 /* Debug */ = {
			isa = XCBuildConfiguration;
			buildSettings = {
				ASSETCATALOG_COMPILER_APPICON_NAME = AppIcon;
				ASSETCATALOG_COMPILER_GLOBAL_ACCENT_COLOR_NAME = AccentColor;
				CODE_SIGN_ENTITLEMENTS = Production/Production.entitlements;
				CODE_SIGN_STYLE = Automatic;
				CURRENT_PROJECT_VERSION = 1;
				DEVELOPMENT_ASSET_PATHS = "\"Production/Preview Content\"";
				DEVELOPMENT_TEAM = Z374HA4GH7;
				ENABLE_HARDENED_RUNTIME = YES;
				ENABLE_PREVIEWS = YES;
				GENERATE_INFOPLIST_FILE = YES;
				"INFOPLIST_KEY_UIApplicationSceneManifest_Generation[sdk=iphoneos*]" = YES;
				"INFOPLIST_KEY_UIApplicationSceneManifest_Generation[sdk=iphonesimulator*]" = YES;
				"INFOPLIST_KEY_UIApplicationSupportsIndirectInputEvents[sdk=iphoneos*]" = YES;
				"INFOPLIST_KEY_UIApplicationSupportsIndirectInputEvents[sdk=iphonesimulator*]" = YES;
				"INFOPLIST_KEY_UILaunchScreen_Generation[sdk=iphoneos*]" = YES;
				"INFOPLIST_KEY_UILaunchScreen_Generation[sdk=iphonesimulator*]" = YES;
				"INFOPLIST_KEY_UIStatusBarStyle[sdk=iphoneos*]" = UIStatusBarStyleDefault;
				"INFOPLIST_KEY_UIStatusBarStyle[sdk=iphonesimulator*]" = UIStatusBarStyleDefault;
				INFOPLIST_KEY_UISupportedInterfaceOrientations_iPad = "UIInterfaceOrientationPortrait UIInterfaceOrientationPortraitUpsideDown UIInterfaceOrientationLandscapeLeft UIInterfaceOrientationLandscapeRight";
				INFOPLIST_KEY_UISupportedInterfaceOrientations_iPhone = "UIInterfaceOrientationPortrait UIInterfaceOrientationLandscapeLeft UIInterfaceOrientationLandscapeRight";
				IPHONEOS_DEPLOYMENT_TARGET = 17.4;
				LD_RUNPATH_SEARCH_PATHS = "@executable_path/Frameworks";
				"LD_RUNPATH_SEARCH_PATHS[sdk=macosx*]" = "@executable_path/../Frameworks";
				MACOSX_DEPLOYMENT_TARGET = 14.4;
				MARKETING_VERSION = 1.0;
				PRODUCT_BUNDLE_IDENTIFIER = "com.suguru-takahashi.FIASample.Production";
				PRODUCT_NAME = "$(TARGET_NAME)";
				SDKROOT = auto;
				SUPPORTED_PLATFORMS = "iphoneos iphonesimulator macosx";
				SWIFT_EMIT_LOC_STRINGS = YES;
				SWIFT_VERSION = 5.0;
				TARGETED_DEVICE_FAMILY = "1,2";
			};
			name = Debug;
		};
		44D88A512BDB5FC800EA6D06 /* Release */ = {
			isa = XCBuildConfiguration;
			buildSettings = {
				ASSETCATALOG_COMPILER_APPICON_NAME = AppIcon;
				ASSETCATALOG_COMPILER_GLOBAL_ACCENT_COLOR_NAME = AccentColor;
				CODE_SIGN_ENTITLEMENTS = Production/Production.entitlements;
				CODE_SIGN_STYLE = Automatic;
				CURRENT_PROJECT_VERSION = 1;
				DEVELOPMENT_ASSET_PATHS = "\"Production/Preview Content\"";
				DEVELOPMENT_TEAM = Z374HA4GH7;
				ENABLE_HARDENED_RUNTIME = YES;
				ENABLE_PREVIEWS = YES;
				GENERATE_INFOPLIST_FILE = YES;
				"INFOPLIST_KEY_UIApplicationSceneManifest_Generation[sdk=iphoneos*]" = YES;
				"INFOPLIST_KEY_UIApplicationSceneManifest_Generation[sdk=iphonesimulator*]" = YES;
				"INFOPLIST_KEY_UIApplicationSupportsIndirectInputEvents[sdk=iphoneos*]" = YES;
				"INFOPLIST_KEY_UIApplicationSupportsIndirectInputEvents[sdk=iphonesimulator*]" = YES;
				"INFOPLIST_KEY_UILaunchScreen_Generation[sdk=iphoneos*]" = YES;
				"INFOPLIST_KEY_UILaunchScreen_Generation[sdk=iphonesimulator*]" = YES;
				"INFOPLIST_KEY_UIStatusBarStyle[sdk=iphoneos*]" = UIStatusBarStyleDefault;
				"INFOPLIST_KEY_UIStatusBarStyle[sdk=iphonesimulator*]" = UIStatusBarStyleDefault;
				INFOPLIST_KEY_UISupportedInterfaceOrientations_iPad = "UIInterfaceOrientationPortrait UIInterfaceOrientationPortraitUpsideDown UIInterfaceOrientationLandscapeLeft UIInterfaceOrientationLandscapeRight";
				INFOPLIST_KEY_UISupportedInterfaceOrientations_iPhone = "UIInterfaceOrientationPortrait UIInterfaceOrientationLandscapeLeft UIInterfaceOrientationLandscapeRight";
				IPHONEOS_DEPLOYMENT_TARGET = 17.4;
				LD_RUNPATH_SEARCH_PATHS = "@executable_path/Frameworks";
				"LD_RUNPATH_SEARCH_PATHS[sdk=macosx*]" = "@executable_path/../Frameworks";
				MACOSX_DEPLOYMENT_TARGET = 14.4;
				MARKETING_VERSION = 1.0;
				PRODUCT_BUNDLE_IDENTIFIER = "com.suguru-takahashi.FIASample.Production";
				PRODUCT_NAME = "$(TARGET_NAME)";
				SDKROOT = auto;
				SUPPORTED_PLATFORMS = "iphoneos iphonesimulator macosx";
				SWIFT_EMIT_LOC_STRINGS = YES;
				SWIFT_VERSION = 5.0;
				TARGETED_DEVICE_FAMILY = "1,2";
			};
			name = Release;
		};
		44D88A532BDB5FC800EA6D06 /* Debug */ = {
			isa = XCBuildConfiguration;
			buildSettings = {
				ALWAYS_EMBED_SWIFT_STANDARD_LIBRARIES = YES;
				BUNDLE_LOADER = "$(TEST_HOST)";
				CODE_SIGN_STYLE = Automatic;
				CURRENT_PROJECT_VERSION = 1;
				DEVELOPMENT_TEAM = Z374HA4GH7;
				GENERATE_INFOPLIST_FILE = YES;
				IPHONEOS_DEPLOYMENT_TARGET = 17.4;
				MACOSX_DEPLOYMENT_TARGET = 14.4;
				MARKETING_VERSION = 1.0;
				PRODUCT_BUNDLE_IDENTIFIER = "com.suguru-takahashi.FIASample.ProductionTests";
				PRODUCT_NAME = "$(TARGET_NAME)";
				SDKROOT = auto;
				SUPPORTED_PLATFORMS = "iphoneos iphonesimulator macosx";
				SWIFT_EMIT_LOC_STRINGS = NO;
				SWIFT_VERSION = 5.0;
				TARGETED_DEVICE_FAMILY = "1,2";
				TEST_HOST = "$(BUILT_PRODUCTS_DIR)/Production.app/$(BUNDLE_EXECUTABLE_FOLDER_PATH)/Production";
			};
			name = Debug;
		};
		44D88A542BDB5FC800EA6D06 /* Release */ = {
			isa = XCBuildConfiguration;
			buildSettings = {
				ALWAYS_EMBED_SWIFT_STANDARD_LIBRARIES = YES;
				BUNDLE_LOADER = "$(TEST_HOST)";
				CODE_SIGN_STYLE = Automatic;
				CURRENT_PROJECT_VERSION = 1;
				DEVELOPMENT_TEAM = Z374HA4GH7;
				GENERATE_INFOPLIST_FILE = YES;
				IPHONEOS_DEPLOYMENT_TARGET = 17.4;
				MACOSX_DEPLOYMENT_TARGET = 14.4;
				MARKETING_VERSION = 1.0;
				PRODUCT_BUNDLE_IDENTIFIER = "com.suguru-takahashi.FIASample.ProductionTests";
				PRODUCT_NAME = "$(TARGET_NAME)";
				SDKROOT = auto;
				SUPPORTED_PLATFORMS = "iphoneos iphonesimulator macosx";
				SWIFT_EMIT_LOC_STRINGS = NO;
				SWIFT_VERSION = 5.0;
				TARGETED_DEVICE_FAMILY = "1,2";
				TEST_HOST = "$(BUILT_PRODUCTS_DIR)/Production.app/$(BUNDLE_EXECUTABLE_FOLDER_PATH)/Production";
			};
			name = Release;
		};
		44D88A562BDB5FC800EA6D06 /* Debug */ = {
			isa = XCBuildConfiguration;
			buildSettings = {
				ALWAYS_EMBED_SWIFT_STANDARD_LIBRARIES = YES;
				CODE_SIGN_STYLE = Automatic;
				CURRENT_PROJECT_VERSION = 1;
				DEVELOPMENT_TEAM = Z374HA4GH7;
				GENERATE_INFOPLIST_FILE = YES;
				IPHONEOS_DEPLOYMENT_TARGET = 17.4;
				MACOSX_DEPLOYMENT_TARGET = 14.4;
				MARKETING_VERSION = 1.0;
				PRODUCT_BUNDLE_IDENTIFIER = "com.suguru-takahashi.FIASample.ProductionUITests";
				PRODUCT_NAME = "$(TARGET_NAME)";
				SDKROOT = auto;
				SUPPORTED_PLATFORMS = "iphoneos iphonesimulator macosx";
				SWIFT_EMIT_LOC_STRINGS = NO;
				SWIFT_VERSION = 5.0;
				TARGETED_DEVICE_FAMILY = "1,2";
				TEST_TARGET_NAME = Production;
			};
			name = Debug;
		};
		44D88A572BDB5FC800EA6D06 /* Release */ = {
			isa = XCBuildConfiguration;
			buildSettings = {
				ALWAYS_EMBED_SWIFT_STANDARD_LIBRARIES = YES;
				CODE_SIGN_STYLE = Automatic;
				CURRENT_PROJECT_VERSION = 1;
				DEVELOPMENT_TEAM = Z374HA4GH7;
				GENERATE_INFOPLIST_FILE = YES;
				IPHONEOS_DEPLOYMENT_TARGET = 17.4;
				MACOSX_DEPLOYMENT_TARGET = 14.4;
				MARKETING_VERSION = 1.0;
				PRODUCT_BUNDLE_IDENTIFIER = "com.suguru-takahashi.FIASample.ProductionUITests";
				PRODUCT_NAME = "$(TARGET_NAME)";
				SDKROOT = auto;
				SUPPORTED_PLATFORMS = "iphoneos iphonesimulator macosx";
				SWIFT_EMIT_LOC_STRINGS = NO;
				SWIFT_VERSION = 5.0;
				TARGETED_DEVICE_FAMILY = "1,2";
				TEST_TARGET_NAME = Production;
			};
			name = Release;
		};
/* End XCBuildConfiguration section */

/* Begin XCConfigurationList section */
		44D88A252BDB5FC700EA6D06 /* Build configuration list for PBXProject "Production" */ = {
			isa = XCConfigurationList;
			buildConfigurations = (
				44D88A4D2BDB5FC800EA6D06 /* Debug */,
				44D88A4E2BDB5FC800EA6D06 /* Release */,
			);
			defaultConfigurationIsVisible = 0;
			defaultConfigurationName = Release;
		};
		44D88A4F2BDB5FC800EA6D06 /* Build configuration list for PBXNativeTarget "Production" */ = {
			isa = XCConfigurationList;
			buildConfigurations = (
				44D88A502BDB5FC800EA6D06 /* Debug */,
				44D88A512BDB5FC800EA6D06 /* Release */,
			);
			defaultConfigurationIsVisible = 0;
			defaultConfigurationName = Release;
		};
		44D88A522BDB5FC800EA6D06 /* Build configuration list for PBXNativeTarget "ProductionTests" */ = {
			isa = XCConfigurationList;
			buildConfigurations = (
				44D88A532BDB5FC800EA6D06 /* Debug */,
				44D88A542BDB5FC800EA6D06 /* Release */,
			);
			defaultConfigurationIsVisible = 0;
			defaultConfigurationName = Release;
		};
		44D88A552BDB5FC800EA6D06 /* Build configuration list for PBXNativeTarget "ProductionUITests" */ = {
			isa = XCConfigurationList;
			buildConfigurations = (
				44D88A562BDB5FC800EA6D06 /* Debug */,
				44D88A572BDB5FC800EA6D06 /* Release */,
			);
			defaultConfigurationIsVisible = 0;
			defaultConfigurationName = Release;
		};
/* End XCConfigurationList section */

/* Begin XCSwiftPackageProductDependency section */
		4457FE012BDB7C1100001C0B /* PresentationLayer */ = {
			isa = XCSwiftPackageProductDependency;
			productName = PresentationLayer;
		};
		4457FE032BDB7C1700001C0B /* DomainLayer */ = {
			isa = XCSwiftPackageProductDependency;
			productName = DomainLayer;
		};
		4457FE052BDB7C1900001C0B /* FrameworkLayer */ = {
			isa = XCSwiftPackageProductDependency;
			productName = FrameworkLayer;
		};
/* End XCSwiftPackageProductDependency section */
	};
	rootObject = 44D88A222BDB5FC700EA6D06 /* Project object */;
}
