{
  "originHash" : "632a853b7ea7bbe9507b04e88229135b06fd84ee056d9d5b0b814dc49e121f60",
  "pins" : [
    {
      "identity" : "licenselist",
      "kind" : "remoteSourceControl",
      "location" : "https://github.com/cybozu/LicenseList.git",
      "state" : {
        "revision" : "37fd936bcc244a75ececf004d249519fb5f4b7d6",
        "version" : "0.6.0"
      }
    }
  ],
  "version" : 3
}
