{
  "originHash" : "58664a5a11df6aa962020cc3d7a29af2c2aaf13d40227d714ffb094f8d160fe6",
  "pins" : [
    {
      "identity" : "licenselist",
      "kind" : "remoteSourceControl",
      "location" : "https://github.com/cybozu/LicenseList.git",
      "state" : {
        "revision" : "37fd936bcc244a75ececf004d249519fb5f4b7d6",
        "version" : "0.6.0"
      }
    }
  ],
  "version" : 3
}
