// !$*UTF8*$!
{
	archiveVersion = 1;
	classes = {
	};
	objectVersion = 56;
	objects = {

/* Begin PBXBuildFile section */
		444511952BCFEC3700B429FD /* DomainLayer in Frameworks */ = {isa = PBXBuildFile; productRef = 444511942BCFEC3700B429FD /* DomainLayer */; };
		444511972BCFEC3A00B429FD /* FrameworkLayer in Frameworks */ = {isa = PBXBuildFile; productRef = 444511962BCFEC3A00B429FD /* FrameworkLayer */; };
		444511992BCFEC3C00B429FD /* PresentationLayer in Frameworks */ = {isa = PBXBuildFile; productRef = 444511982BCFEC3C00B429FD /* PresentationLayer */; };
		44520A282BCF5F0E00A78BA6 /* ProductionApp.swift in Sources */ = {isa = PBXBuildFile; fileRef = 44520A272BCF5F0E00A78BA6 /* ProductionApp.swift */; };
		44520A2C2BCF5F0F00A78BA6 /* Assets.xcassets in Resources */ = {isa = PBXBuildFile; fileRef = 44520A2B2BCF5F0F00A78BA6 /* Assets.xcassets */; };
		44520A302BCF5F0F00A78BA6 /* Preview Assets.xcassets in Resources */ = {isa = PBXBuildFile; fileRef = 44520A2F2BCF5F0F00A78BA6 /* Preview Assets.xcassets */; };
		44520A3A2BCF5F0F00A78BA6 /* ProductionTests.swift in Sources */ = {isa = PBXBuildFile; fileRef = 44520A392BCF5F0F00A78BA6 /* ProductionTests.swift */; };
		44520A442BCF5F0F00A78BA6 /* ProductionUITests.swift in Sources */ = {isa = PBXBuildFile; fileRef = 44520A432BCF5F0F00A78BA6 /* ProductionUITests.swift */; };
/* End PBXBuildFile section */

/* Begin PBXContainerItemProxy section */
		44520A362BCF5F0F00A78BA6 /* PBXContainerItemProxy */ = {
			isa = PBXContainerItemProxy;
			containerPortal = 44520A1C2BCF5F0E00A78BA6 /* Project object */;
			proxyType = 1;
			remoteGlobalIDString = 44520A232BCF5F0E00A78BA6;
			remoteInfo = Production;
		};
		44520A402BCF5F0F00A78BA6 /* PBXContainerItemProxy */ = {
			isa = PBXContainerItemProxy;
			containerPortal = 44520A1C2BCF5F0E00A78BA6 /* Project object */;
			proxyType = 1;
			remoteGlobalIDString = 44520A232BCF5F0E00A78BA6;
			remoteInfo = Production;
		};
/* End PBXContainerItemProxy section */

/* Begin PBXFileReference section */
		44520A242BCF5F0E00A78BA6 /* Production.app */ = {isa = PBXFileReference; explicitFileType = wrapper.application; includeInIndex = 0; path = Production.app; sourceTree = BUILT_PRODUCTS_DIR; };
		44520A272BCF5F0E00A78BA6 /* ProductionApp.swift */ = {isa = PBXFileReference; lastKnownFileType = sourcecode.swift; path = ProductionApp.swift; sourceTree = "<group>"; };
		44520A2B2BCF5F0F00A78BA6 /* Assets.xcassets */ = {isa = PBXFileReference; lastKnownFileType = folder.assetcatalog; path = Assets.xcassets; sourceTree = "<group>"; };
		44520A2D2BCF5F0F00A78BA6 /* Production.entitlements */ = {isa = PBXFileReference; lastKnownFileType = text.plist.entitlements; path = Production.entitlements; sourceTree = "<group>"; };
		44520A2F2BCF5F0F00A78BA6 /* Preview Assets.xcassets */ = {isa = PBXFileReference; lastKnownFileType = folder.assetcatalog; path = "Preview Assets.xcassets"; sourceTree = "<group>"; };
		44520A352BCF5F0F00A78BA6 /* ProductionTests.xctest */ = {isa = PBXFileReference; explicitFileType = wrapper.cfbundle; includeInIndex = 0; path = ProductionTests.xctest; sourceTree = BUILT_PRODUCTS_DIR; };
		44520A392BCF5F0F00A78BA6 /* ProductionTests.swift */ = {isa = PBXFileReference; lastKnownFileType = sourcecode.swift; path = ProductionTests.swift; sourceTree = "<group>"; };
		44520A3F2BCF5F0F00A78BA6 /* ProductionUITests.xctest */ = {isa = PBXFileReference; explicitFileType = wrapper.cfbundle; includeInIndex = 0; path = ProductionUITests.xctest; sourceTree = BUILT_PRODUCTS_DIR; };
		44520A432BCF5F0F00A78BA6 /* ProductionUITests.swift */ = {isa = PBXFileReference; lastKnownFileType = sourcecode.swift; path = ProductionUITests.swift; sourceTree = "<group>"; };
/* End PBXFileReference section */

/* Begin PBXFrameworksBuildPhase section */
		44520A212BCF5F0E00A78BA6 /* Frameworks */ = {
			isa = PBXFrameworksBuildPhase;
			buildActionMask = 2147483647;
			files = (
				444511952BCFEC3700B429FD /* DomainLayer in Frameworks */,
				444511992BCFEC3C00B429FD /* PresentationLayer in Frameworks */,
				444511972BCFEC3A00B429FD /* FrameworkLayer in Frameworks */,
			);
			runOnlyForDeploymentPostprocessing = 0;
		};
		44520A322BCF5F0F00A78BA6 /* Frameworks */ = {
			isa = PBXFrameworksBuildPhase;
			buildActionMask = 2147483647;
			files = (
			);
			runOnlyForDeploymentPostprocessing = 0;
		};
		44520A3C2BCF5F0F00A78BA6 /* Frameworks */ = {
			isa = PBXFrameworksBuildPhase;
			buildActionMask = 2147483647;
			files = (
			);
			runOnlyForDeploymentPostprocessing = 0;
		};
/* End PBXFrameworksBuildPhase section */

/* Begin PBXGroup section */
		44520A1B2BCF5F0E00A78BA6 = {
			isa = PBXGroup;
			children = (
				44520A262BCF5F0E00A78BA6 /* Production */,
				44520A382BCF5F0F00A78BA6 /* ProductionTests */,
				44520A422BCF5F0F00A78BA6 /* ProductionUITests */,
				44520A252BCF5F0E00A78BA6 /* Products */,
				44520A8E2BCF609F00A78BA6 /* Frameworks */,
			);
			sourceTree = "<group>";
		};
		44520A252BCF5F0E00A78BA6 /* Products */ = {
			isa = PBXGroup;
			children = (
				44520A242BCF5F0E00A78BA6 /* Production.app */,
				44520A352BCF5F0F00A78BA6 /* ProductionTests.xctest */,
				44520A3F2BCF5F0F00A78BA6 /* ProductionUITests.xctest */,
			);
			name = Products;
			sourceTree = "<group>";
		};
		44520A262BCF5F0E00A78BA6 /* Production */ = {
			isa = PBXGroup;
			children = (
				44520A272BCF5F0E00A78BA6 /* ProductionApp.swift */,
				44520A2B2BCF5F0F00A78BA6 /* Assets.xcassets */,
				44520A2D2BCF5F0F00A78BA6 /* Production.entitlements */,
				44520A2E2BCF5F0F00A78BA6 /* Preview Content */,
			);
			path = Production;
			sourceTree = "<group>";
		};
		44520A2E2BCF5F0F00A78BA6 /* Preview Content */ = {
			isa = PBXGroup;
			children = (
				44520A2F2BCF5F0F00A78BA6 /* Preview Assets.xcassets */,
			);
			path = "Preview Content";
			sourceTree = "<group>";
		};
		44520A382BCF5F0F00A78BA6 /* ProductionTests */ = {
			isa = PBXGroup;
			children = (
				44520A392BCF5F0F00A78BA6 /* ProductionTests.swift */,
			);
			path = ProductionTests;
			sourceTree = "<group>";
		};
		44520A422BCF5F0F00A78BA6 /* ProductionUITests */ = {
			isa = PBXGroup;
			children = (
				44520A432BCF5F0F00A78BA6 /* ProductionUITests.swift */,
			);
			path = ProductionUITests;
			sourceTree = "<group>";
		};
		44520A8E2BCF609F00A78BA6 /* Frameworks */ = {
			isa = PBXGroup;
			children = (
			);
			name = Frameworks;
			sourceTree = "<group>";
		};
/* End PBXGroup section */

/* Begin PBXNativeTarget section */
		44520A232BCF5F0E00A78BA6 /* Production */ = {
			isa = PBXNativeTarget;
			buildConfigurationList = 44520A492BCF5F0F00A78BA6 /* Build configuration list for PBXNativeTarget "Production" */;
			buildPhases = (
				44520A202BCF5F0E00A78BA6 /* Sources */,
				44520A212BCF5F0E00A78BA6 /* Frameworks */,
				44520A222BCF5F0E00A78BA6 /* Resources */,
			);
			buildRules = (
			);
			dependencies = (
			);
			name = Production;
			packageProductDependencies = (
				444511942BCFEC3700B429FD /* DomainLayer */,
				444511962BCFEC3A00B429FD /* FrameworkLayer */,
				444511982BCFEC3C00B429FD /* PresentationLayer */,
			);
			productName = Production;
			productReference = 44520A242BCF5F0E00A78BA6 /* Production.app */;
			productType = "com.apple.product-type.application";
		};
		44520A342BCF5F0F00A78BA6 /* ProductionTests */ = {
			isa = PBXNativeTarget;
			buildConfigurationList = 44520A4C2BCF5F0F00A78BA6 /* Build configuration list for PBXNativeTarget "ProductionTests" */;
			buildPhases = (
				44520A312BCF5F0F00A78BA6 /* Sources */,
				44520A322BCF5F0F00A78BA6 /* Frameworks */,
				44520A332BCF5F0F00A78BA6 /* Resources */,
			);
			buildRules = (
			);
			dependencies = (
				44520A372BCF5F0F00A78BA6 /* PBXTargetDependency */,
			);
			name = ProductionTests;
			productName = ProductionTests;
			productReference = 44520A352BCF5F0F00A78BA6 /* ProductionTests.xctest */;
			productType = "com.apple.product-type.bundle.unit-test";
		};
		44520A3E2BCF5F0F00A78BA6 /* ProductionUITests */ = {
			isa = PBXNativeTarget;
			buildConfigurationList = 44520A4F2BCF5F0F00A78BA6 /* Build configuration list for PBXNativeTarget "ProductionUITests" */;
			buildPhases = (
				44520A3B2BCF5F0F00A78BA6 /* Sources */,
				44520A3C2BCF5F0F00A78BA6 /* Frameworks */,
				44520A3D2BCF5F0F00A78BA6 /* Resources */,
			);
			buildRules = (
			);
			dependencies = (
				44520A412BCF5F0F00A78BA6 /* PBXTargetDependency */,
			);
			name = ProductionUITests;
			productName = ProductionUITests;
			productReference = 44520A3F2BCF5F0F00A78BA6 /* ProductionUITests.xctest */;
			productType = "com.apple.product-type.bundle.ui-testing";
		};
/* End PBXNativeTarget section */

/* Begin PBXProject section */
		44520A1C2BCF5F0E00A78BA6 /* Project object */ = {
			isa = PBXProject;
			attributes = {
				BuildIndependentTargetsInParallel = 1;
				LastSwiftUpdateCheck = 1530;
				LastUpgradeCheck = 1530;
				TargetAttributes = {
					44520A232BCF5F0E00A78BA6 = {
						CreatedOnToolsVersion = 15.3;
					};
					44520A342BCF5F0F00A78BA6 = {
						CreatedOnToolsVersion = 15.3;
						TestTargetID = 44520A232BCF5F0E00A78BA6;
					};
					44520A3E2BCF5F0F00A78BA6 = {
						CreatedOnToolsVersion = 15.3;
						TestTargetID = 44520A232BCF5F0E00A78BA6;
					};
				};
			};
			buildConfigurationList = 44520A1F2BCF5F0E00A78BA6 /* Build configuration list for PBXProject "Production" */;
			compatibilityVersion = "Xcode 14.0";
			developmentRegion = en;
			hasScannedForEncodings = 0;
			knownRegions = (
				en,
				Base,
			);
			mainGroup = 44520A1B2BCF5F0E00A78BA6;
			productRefGroup = 44520A252BCF5F0E00A78BA6 /* Products */;
			projectDirPath = "";
			projectRoot = "";
			targets = (
				44520A232BCF5F0E00A78BA6 /* Production */,
				44520A342BCF5F0F00A78BA6 /* ProductionTests */,
				44520A3E2BCF5F0F00A78BA6 /* ProductionUITests */,
			);
		};
/* End PBXProject section */

/* Begin PBXResourcesBuildPhase section */
		44520A222BCF5F0E00A78BA6 /* Resources */ = {
			isa = PBXResourcesBuildPhase;
			buildActionMask = 2147483647;
			files = (
				44520A302BCF5F0F00A78BA6 /* Preview Assets.xcassets in Resources */,
				44520A2C2BCF5F0F00A78BA6 /* Assets.xcassets in Resources */,
			);
			runOnlyForDeploymentPostprocessing = 0;
		};
		44520A332BCF5F0F00A78BA6 /* Resources */ = {
			isa = PBXResourcesBuildPhase;
			buildActionMask = 2147483647;
			files = (
			);
			runOnlyForDeploymentPostprocessing = 0;
		};
		44520A3D2BCF5F0F00A78BA6 /* Resources */ = {
			isa = PBXResourcesBuildPhase;
			buildActionMask = 2147483647;
			files = (
			);
			runOnlyForDeploymentPostprocessing = 0;
		};
/* End PBXResourcesBuildPhase section */

/* Begin PBXSourcesBuildPhase section */
		44520A202BCF5F0E00A78BA6 /* Sources */ = {
			isa = PBXSourcesBuildPhase;
			buildActionMask = 2147483647;
			files = (
				44520A282BCF5F0E00A78BA6 /* ProductionApp.swift in Sources */,
			);
			runOnlyForDeploymentPostprocessing = 0;
		};
		44520A312BCF5F0F00A78BA6 /* Sources */ = {
			isa = PBXSourcesBuildPhase;
			buildActionMask = 2147483647;
			files = (
				44520A3A2BCF5F0F00A78BA6 /* ProductionTests.swift in Sources */,
			);
			runOnlyForDeploymentPostprocessing = 0;
		};
		44520A3B2BCF5F0F00A78BA6 /* Sources */ = {
			isa = PBXSourcesBuildPhase;
			buildActionMask = 2147483647;
			files = (
				44520A442BCF5F0F00A78BA6 /* ProductionUITests.swift in Sources */,
			);
			runOnlyForDeploymentPostprocessing = 0;
		};
/* End PBXSourcesBuildPhase section */

/* Begin PBXTargetDependency section */
		44520A372BCF5F0F00A78BA6 /* PBXTargetDependency */ = {
			isa = PBXTargetDependency;
			target = 44520A232BCF5F0E00A78BA6 /* Production */;
			targetProxy = 44520A362BCF5F0F00A78BA6 /* PBXContainerItemProxy */;
		};
		44520A412BCF5F0F00A78BA6 /* PBXTargetDependency */ = {
			isa = PBXTargetDependency;
			target = 44520A232BCF5F0E00A78BA6 /* Production */;
			targetProxy = 44520A402BCF5F0F00A78BA6 /* PBXContainerItemProxy */;
		};
/* End PBXTargetDependency section */

/* Begin XCBuildConfiguration section */
		44520A472BCF5F0F00A78BA6 /* Debug */ = {
			isa = XCBuildConfiguration;
			buildSettings = {
				ALWAYS_SEARCH_USER_PATHS = NO;
				ASSETCATALOG_COMPILER_GENERATE_SWIFT_ASSET_SYMBOL_EXTENSIONS = YES;
				CLANG_ANALYZER_NONNULL = YES;
				CLANG_ANALYZER_NUMBER_OBJECT_CONVERSION = YES_AGGRESSIVE;
				CLANG_CXX_LANGUAGE_STANDARD = "gnu++20";
				CLANG_ENABLE_MODULES = YES;
				CLANG_ENABLE_OBJC_ARC = YES;
				CLANG_ENABLE_OBJC_WEAK = YES;
				CLANG_WARN_BLOCK_CAPTURE_AUTORELEASING = YES;
				CLANG_WARN_BOOL_CONVERSION = YES;
				CLANG_WARN_COMMA = YES;
				CLANG_WARN_CONSTANT_CONVERSION = YES;
				CLANG_WARN_DEPRECATED_OBJC_IMPLEMENTATIONS = YES;
				CLANG_WARN_DIRECT_OBJC_ISA_USAGE = YES_ERROR;
				CLANG_WARN_DOCUMENTATION_COMMENTS = YES;
				CLANG_WARN_EMPTY_BODY = YES;
				CLANG_WARN_ENUM_CONVERSION = YES;
				CLANG_WARN_INFINITE_RECURSION = YES;
				CLANG_WARN_INT_CONVERSION = YES;
				CLANG_WARN_NON_LITERAL_NULL_CONVERSION = YES;
				CLANG_WARN_OBJC_IMPLICIT_RETAIN_SELF = YES;
				CLANG_WARN_OBJC_LITERAL_CONVERSION = YES;
				CLANG_WARN_OBJC_ROOT_CLASS = YES_ERROR;
				CLANG_WARN_QUOTED_INCLUDE_IN_FRAMEWORK_HEADER = YES;
				CLANG_WARN_RANGE_LOOP_ANALYSIS = YES;
				CLANG_WARN_STRICT_PROTOTYPES = YES;
				CLANG_WARN_SUSPICIOUS_MOVE = YES;
				CLANG_WARN_UNGUARDED_AVAILABILITY = YES_AGGRESSIVE;
				CLANG_WARN_UNREACHABLE_CODE = YES;
				CLANG_WARN__DUPLICATE_METHOD_MATCH = YES;
				COPY_PHASE_STRIP = NO;
				DEBUG_INFORMATION_FORMAT = dwarf;
				ENABLE_STRICT_OBJC_MSGSEND = YES;
				ENABLE_TESTABILITY = YES;
				ENABLE_USER_SCRIPT_SANDBOXING = YES;
				GCC_C_LANGUAGE_STANDARD = gnu17;
				GCC_DYNAMIC_NO_PIC = NO;
				GCC_NO_COMMON_BLOCKS = YES;
				GCC_OPTIMIZATION_LEVEL = 0;
				GCC_PREPROCESSOR_DEFINITIONS = (
					"DEBUG=1",
					"$(inherited)",
				);
				GCC_WARN_64_TO_32_BIT_CONVERSION = YES;
				GCC_WARN_ABOUT_RETURN_TYPE = YES_ERROR;
				GCC_WARN_UNDECLARED_SELECTOR = YES;
				GCC_WARN_UNINITIALIZED_AUTOS = YES_AGGRESSIVE;
				GCC_WARN_UNUSED_FUNCTION = YES;
				GCC_WARN_UNUSED_VARIABLE = YES;
				LOCALIZATION_PREFERS_STRING_CATALOGS = YES;
				MTL_ENABLE_DEBUG_INFO = INCLUDE_SOURCE;
				MTL_FAST_MATH = YES;
				ONLY_ACTIVE_ARCH = YES;
				SWIFT_ACTIVE_COMPILATION_CONDITIONS = "DEBUG $(inherited)";
				SWIFT_OPTIMIZATION_LEVEL = "-Onone";
			};
			name = Debug;
		};
		44520A482BCF5F0F00A78BA6 /* Release */ = {
			isa = XCBuildConfiguration;
			buildSettings = {
				ALWAYS_SEARCH_USER_PATHS = NO;
				ASSETCATALOG_COMPILER_GENERATE_SWIFT_ASSET_SYMBOL_EXTENSIONS = YES;
				CLANG_ANALYZER_NONNULL = YES;
				CLANG_ANALYZER_NUMBER_OBJECT_CONVERSION = YES_AGGRESSIVE;
				CLANG_CXX_LANGUAGE_STANDARD = "gnu++20";
				CLANG_ENABLE_MODULES = YES;
				CLANG_ENABLE_OBJC_ARC = YES;
				CLANG_ENABLE_OBJC_WEAK = YES;
				CLANG_WARN_BLOCK_CAPTURE_AUTORELEASING = YES;
				CLANG_WARN_BOOL_CONVERSION = YES;
				CLANG_WARN_COMMA = YES;
				CLANG_WARN_CONSTANT_CONVERSION = YES;
				CLANG_WARN_DEPRECATED_OBJC_IMPLEMENTATIONS = YES;
				CLANG_WARN_DIRECT_OBJC_ISA_USAGE = YES_ERROR;
				CLANG_WARN_DOCUMENTATION_COMMENTS = YES;
				CLANG_WARN_EMPTY_BODY = YES;
				CLANG_WARN_ENUM_CONVERSION = YES;
				CLANG_WARN_INFINITE_RECURSION = YES;
				CLANG_WARN_INT_CONVERSION = YES;
				CLANG_WARN_NON_LITERAL_NULL_CONVERSION = YES;
				CLANG_WARN_OBJC_IMPLICIT_RETAIN_SELF = YES;
				CLANG_WARN_OBJC_LITERAL_CONVERSION = YES;
				CLANG_WARN_OBJC_ROOT_CLASS = YES_ERROR;
				CLANG_WARN_QUOTED_INCLUDE_IN_FRAMEWORK_HEADER = YES;
				CLANG_WARN_RANGE_LOOP_ANALYSIS = YES;
				CLANG_WARN_STRICT_PROTOTYPES = YES;
				CLANG_WARN_SUSPICIOUS_MOVE = YES;
				CLANG_WARN_UNGUARDED_AVAILABILITY = YES_AGGRESSIVE;
				CLANG_WARN_UNREACHABLE_CODE = YES;
				CLANG_WARN__DUPLICATE_METHOD_MATCH = YES;
				COPY_PHASE_STRIP = NO;
				DEBUG_INFORMATION_FORMAT = "dwarf-with-dsym";
				ENABLE_NS_ASSERTIONS = NO;
				ENABLE_STRICT_OBJC_MSGSEND = YES;
				ENABLE_USER_SCRIPT_SANDBOXING = YES;
				GCC_C_LANGUAGE_STANDARD = gnu17;
				GCC_NO_COMMON_BLOCKS = YES;
				GCC_WARN_64_TO_32_BIT_CONVERSION = YES;
				GCC_WARN_ABOUT_RETURN_TYPE = YES_ERROR;
				GCC_WARN_UNDECLARED_SELECTOR = YES;
				GCC_WARN_UNINITIALIZED_AUTOS = YES_AGGRESSIVE;
				GCC_WARN_UNUSED_FUNCTION = YES;
				GCC_WARN_UNUSED_VARIABLE = YES;
				LOCALIZATION_PREFERS_STRING_CATALOGS = YES;
				MTL_ENABLE_DEBUG_INFO = NO;
				MTL_FAST_MATH = YES;
				SWIFT_COMPILATION_MODE = wholemodule;
			};
			name = Release;
		};
		44520A4A2BCF5F0F00A78BA6 /* Debug */ = {
			isa = XCBuildConfiguration;
			buildSettings = {
				ASSETCATALOG_COMPILER_APPICON_NAME = AppIcon;
				ASSETCATALOG_COMPILER_GLOBAL_ACCENT_COLOR_NAME = AccentColor;
				CODE_SIGN_ENTITLEMENTS = Production/Production.entitlements;
				CODE_SIGN_STYLE = Automatic;
				CURRENT_PROJECT_VERSION = 1;
				DEVELOPMENT_ASSET_PATHS = "\"Production/Preview Content\"";
				DEVELOPMENT_TEAM = Z374HA4GH7;
				ENABLE_HARDENED_RUNTIME = YES;
				ENABLE_PREVIEWS = YES;
				GENERATE_INFOPLIST_FILE = YES;
				"INFOPLIST_KEY_UIApplicationSceneManifest_Generation[sdk=iphoneos*]" = YES;
				"INFOPLIST_KEY_UIApplicationSceneManifest_Generation[sdk=iphonesimulator*]" = YES;
				"INFOPLIST_KEY_UIApplicationSupportsIndirectInputEvents[sdk=iphoneos*]" = YES;
				"INFOPLIST_KEY_UIApplicationSupportsIndirectInputEvents[sdk=iphonesimulator*]" = YES;
				"INFOPLIST_KEY_UILaunchScreen_Generation[sdk=iphoneos*]" = YES;
				"INFOPLIST_KEY_UILaunchScreen_Generation[sdk=iphonesimulator*]" = YES;
				"INFOPLIST_KEY_UIStatusBarStyle[sdk=iphoneos*]" = UIStatusBarStyleDefault;
				"INFOPLIST_KEY_UIStatusBarStyle[sdk=iphonesimulator*]" = UIStatusBarStyleDefault;
				INFOPLIST_KEY_UISupportedInterfaceOrientations_iPad = "UIInterfaceOrientationPortrait UIInterfaceOrientationPortraitUpsideDown UIInterfaceOrientationLandscapeLeft UIInterfaceOrientationLandscapeRight";
				INFOPLIST_KEY_UISupportedInterfaceOrientations_iPhone = "UIInterfaceOrientationPortrait UIInterfaceOrientationLandscapeLeft UIInterfaceOrientationLandscapeRight";
				IPHONEOS_DEPLOYMENT_TARGET = 17.4;
				LD_RUNPATH_SEARCH_PATHS = "@executable_path/Frameworks";
				"LD_RUNPATH_SEARCH_PATHS[sdk=macosx*]" = "@executable_path/../Frameworks";
				MACOSX_DEPLOYMENT_TARGET = 14.4;
				MARKETING_VERSION = 1.0;
				PRODUCT_BUNDLE_IDENTIFIER = "com.suguru-takahashi.FIASample.Production";
				PRODUCT_NAME = "$(TARGET_NAME)";
				SDKROOT = auto;
				SUPPORTED_PLATFORMS = "iphoneos iphonesimulator macosx";
				SWIFT_EMIT_LOC_STRINGS = YES;
				SWIFT_VERSION = 5.0;
				TARGETED_DEVICE_FAMILY = "1,2";
			};
			name = Debug;
		};
		44520A4B2BCF5F0F00A78BA6 /* Release */ = {
			isa = XCBuildConfiguration;
			buildSettings = {
				ASSETCATALOG_COMPILER_APPICON_NAME = AppIcon;
				ASSETCATALOG_COMPILER_GLOBAL_ACCENT_COLOR_NAME = AccentColor;
				CODE_SIGN_ENTITLEMENTS = Production/Production.entitlements;
				CODE_SIGN_STYLE = Automatic;
				CURRENT_PROJECT_VERSION = 1;
				DEVELOPMENT_ASSET_PATHS = "\"Production/Preview Content\"";
				DEVELOPMENT_TEAM = Z374HA4GH7;
				ENABLE_HARDENED_RUNTIME = YES;
				ENABLE_PREVIEWS = YES;
				GENERATE_INFOPLIST_FILE = YES;
				"INFOPLIST_KEY_UIApplicationSceneManifest_Generation[sdk=iphoneos*]" = YES;
				"INFOPLIST_KEY_UIApplicationSceneManifest_Generation[sdk=iphonesimulator*]" = YES;
				"INFOPLIST_KEY_UIApplicationSupportsIndirectInputEvents[sdk=iphoneos*]" = YES;
				"INFOPLIST_KEY_UIApplicationSupportsIndirectInputEvents[sdk=iphonesimulator*]" = YES;
				"INFOPLIST_KEY_UILaunchScreen_Generation[sdk=iphoneos*]" = YES;
				"INFOPLIST_KEY_UILaunchScreen_Generation[sdk=iphonesimulator*]" = YES;
				"INFOPLIST_KEY_UIStatusBarStyle[sdk=iphoneos*]" = UIStatusBarStyleDefault;
				"INFOPLIST_KEY_UIStatusBarStyle[sdk=iphonesimulator*]" = UIStatusBarStyleDefault;
				INFOPLIST_KEY_UISupportedInterfaceOrientations_iPad = "UIInterfaceOrientationPortrait UIInterfaceOrientationPortraitUpsideDown UIInterfaceOrientationLandscapeLeft UIInterfaceOrientationLandscapeRight";
				INFOPLIST_KEY_UISupportedInterfaceOrientations_iPhone = "UIInterfaceOrientationPortrait UIInterfaceOrientationLandscapeLeft UIInterfaceOrientationLandscapeRight";
				IPHONEOS_DEPLOYMENT_TARGET = 17.4;
				LD_RUNPATH_SEARCH_PATHS = "@executable_path/Frameworks";
				"LD_RUNPATH_SEARCH_PATHS[sdk=macosx*]" = "@executable_path/../Frameworks";
				MACOSX_DEPLOYMENT_TARGET = 14.4;
				MARKETING_VERSION = 1.0;
				PRODUCT_BUNDLE_IDENTIFIER = "com.suguru-takahashi.FIASample.Production";
				PRODUCT_NAME = "$(TARGET_NAME)";
				SDKROOT = auto;
				SUPPORTED_PLATFORMS = "iphoneos iphonesimulator macosx";
				SWIFT_EMIT_LOC_STRINGS = YES;
				SWIFT_VERSION = 5.0;
				TARGETED_DEVICE_FAMILY = "1,2";
			};
			name = Release;
		};
		44520A4D2BCF5F0F00A78BA6 /* Debug */ = {
			isa = XCBuildConfiguration;
			buildSettings = {
				ALWAYS_EMBED_SWIFT_STANDARD_LIBRARIES = YES;
				BUNDLE_LOADER = "$(TEST_HOST)";
				CODE_SIGN_STYLE = Automatic;
				CURRENT_PROJECT_VERSION = 1;
				DEVELOPMENT_TEAM = Z374HA4GH7;
				GENERATE_INFOPLIST_FILE = YES;
				IPHONEOS_DEPLOYMENT_TARGET = 17.4;
				MACOSX_DEPLOYMENT_TARGET = 14.4;
				MARKETING_VERSION = 1.0;
				PRODUCT_BUNDLE_IDENTIFIER = "com.suguru-takahashi.FIASample.ProductionTests";
				PRODUCT_NAME = "$(TARGET_NAME)";
				SDKROOT = auto;
				SUPPORTED_PLATFORMS = "iphoneos iphonesimulator macosx";
				SWIFT_EMIT_LOC_STRINGS = NO;
				SWIFT_VERSION = 5.0;
				TARGETED_DEVICE_FAMILY = "1,2";
				TEST_HOST = "$(BUILT_PRODUCTS_DIR)/Production.app/$(BUNDLE_EXECUTABLE_FOLDER_PATH)/Production";
			};
			name = Debug;
		};
		44520A4E2BCF5F0F00A78BA6 /* Release */ = {
			isa = XCBuildConfiguration;
			buildSettings = {
				ALWAYS_EMBED_SWIFT_STANDARD_LIBRARIES = YES;
				BUNDLE_LOADER = "$(TEST_HOST)";
				CODE_SIGN_STYLE = Automatic;
				CURRENT_PROJECT_VERSION = 1;
				DEVELOPMENT_TEAM = Z374HA4GH7;
				GENERATE_INFOPLIST_FILE = YES;
				IPHONEOS_DEPLOYMENT_TARGET = 17.4;
				MACOSX_DEPLOYMENT_TARGET = 14.4;
				MARKETING_VERSION = 1.0;
				PRODUCT_BUNDLE_IDENTIFIER = "com.suguru-takahashi.FIASample.ProductionTests";
				PRODUCT_NAME = "$(TARGET_NAME)";
				SDKROOT = auto;
				SUPPORTED_PLATFORMS = "iphoneos iphonesimulator macosx";
				SWIFT_EMIT_LOC_STRINGS = NO;
				SWIFT_VERSION = 5.0;
				TARGETED_DEVICE_FAMILY = "1,2";
				TEST_HOST = "$(BUILT_PRODUCTS_DIR)/Production.app/$(BUNDLE_EXECUTABLE_FOLDER_PATH)/Production";
			};
			name = Release;
		};
		44520A502BCF5F0F00A78BA6 /* Debug */ = {
			isa = XCBuildConfiguration;
			buildSettings = {
				ALWAYS_EMBED_SWIFT_STANDARD_LIBRARIES = YES;
				CODE_SIGN_STYLE = Automatic;
				CURRENT_PROJECT_VERSION = 1;
				DEVELOPMENT_TEAM = Z374HA4GH7;
				GENERATE_INFOPLIST_FILE = YES;
				IPHONEOS_DEPLOYMENT_TARGET = 17.4;
				MACOSX_DEPLOYMENT_TARGET = 14.4;
				MARKETING_VERSION = 1.0;
				PRODUCT_BUNDLE_IDENTIFIER = "com.suguru-takahashi.FIASample.ProductionUITests";
				PRODUCT_NAME = "$(TARGET_NAME)";
				SDKROOT = auto;
				SUPPORTED_PLATFORMS = "iphoneos iphonesimulator macosx";
				SWIFT_EMIT_LOC_STRINGS = NO;
				SWIFT_VERSION = 5.0;
				TARGETED_DEVICE_FAMILY = "1,2";
				TEST_TARGET_NAME = Production;
			};
			name = Debug;
		};
		44520A512BCF5F0F00A78BA6 /* Release */ = {
			isa = XCBuildConfiguration;
			buildSettings = {
				ALWAYS_EMBED_SWIFT_STANDARD_LIBRARIES = YES;
				CODE_SIGN_STYLE = Automatic;
				CURRENT_PROJECT_VERSION = 1;
				DEVELOPMENT_TEAM = Z374HA4GH7;
				GENERATE_INFOPLIST_FILE = YES;
				IPHONEOS_DEPLOYMENT_TARGET = 17.4;
				MACOSX_DEPLOYMENT_TARGET = 14.4;
				MARKETING_VERSION = 1.0;
				PRODUCT_BUNDLE_IDENTIFIER = "com.suguru-takahashi.FIASample.ProductionUITests";
				PRODUCT_NAME = "$(TARGET_NAME)";
				SDKROOT = auto;
				SUPPORTED_PLATFORMS = "iphoneos iphonesimulator macosx";
				SWIFT_EMIT_LOC_STRINGS = NO;
				SWIFT_VERSION = 5.0;
				TARGETED_DEVICE_FAMILY = "1,2";
				TEST_TARGET_NAME = Production;
			};
			name = Release;
		};
/* End XCBuildConfiguration section */

/* Begin XCConfigurationList section */
		44520A1F2BCF5F0E00A78BA6 /* Build configuration list for PBXProject "Production" */ = {
			isa = XCConfigurationList;
			buildConfigurations = (
				44520A472BCF5F0F00A78BA6 /* Debug */,
				44520A482BCF5F0F00A78BA6 /* Release */,
			);
			defaultConfigurationIsVisible = 0;
			defaultConfigurationName = Release;
		};
		44520A492BCF5F0F00A78BA6 /* Build configuration list for PBXNativeTarget "Production" */ = {
			isa = XCConfigurationList;
			buildConfigurations = (
				44520A4A2BCF5F0F00A78BA6 /* Debug */,
				44520A4B2BCF5F0F00A78BA6 /* Release */,
			);
			defaultConfigurationIsVisible = 0;
			defaultConfigurationName = Release;
		};
		44520A4C2BCF5F0F00A78BA6 /* Build configuration list for PBXNativeTarget "ProductionTests" */ = {
			isa = XCConfigurationList;
			buildConfigurations = (
				44520A4D2BCF5F0F00A78BA6 /* Debug */,
				44520A4E2BCF5F0F00A78BA6 /* Release */,
			);
			defaultConfigurationIsVisible = 0;
			defaultConfigurationName = Release;
		};
		44520A4F2BCF5F0F00A78BA6 /* Build configuration list for PBXNativeTarget "ProductionUITests" */ = {
			isa = XCConfigurationList;
			buildConfigurations = (
				44520A502BCF5F0F00A78BA6 /* Debug */,
				44520A512BCF5F0F00A78BA6 /* Release */,
			);
			defaultConfigurationIsVisible = 0;
			defaultConfigurationName = Release;
		};
/* End XCConfigurationList section */

/* Begin XCSwiftPackageProductDependency section */
		444511942BCFEC3700B429FD /* DomainLayer */ = {
			isa = XCSwiftPackageProductDependency;
			productName = DomainLayer;
		};
		444511962BCFEC3A00B429FD /* FrameworkLayer */ = {
			isa = XCSwiftPackageProductDependency;
			productName = FrameworkLayer;
		};
		444511982BCFEC3C00B429FD /* PresentationLayer */ = {
			isa = XCSwiftPackageProductDependency;
			productName = PresentationLayer;
		};
/* End XCSwiftPackageProductDependency section */
	};
	rootObject = 44520A1C2BCF5F0E00A78BA6 /* Project object */;
}
