// !$*UTF8*$!
{
	archiveVersion = 1;
	classes = {
	};
	objectVersion = 56;
	objects = {

/* Begin PBXBuildFile section */
		44D889F72BDB5FA900EA6D06 /* DevelopmentApp.swift in Sources */ = {isa = PBXBuildFile; fileRef = 44D889F62BDB5FA900EA6D06 /* DevelopmentApp.swift */; };
		44D889F92BDB5FA900EA6D06 /* ContentView.swift in Sources */ = {isa = PBXBuildFile; fileRef = 44D889F82BDB5FA900EA6D06 /* ContentView.swift */; };
		44D889FB2BDB5FA900EA6D06 /* Assets.xcassets in Resources */ = {isa = PBXBuildFile; fileRef = 44D889FA2BDB5FA900EA6D06 /* Assets.xcassets */; };
		44D889FF2BDB5FA900EA6D06 /* Preview Assets.xcassets in Resources */ = {isa = PBXBuildFile; fileRef = 44D889FE2BDB5FA900EA6D06 /* Preview Assets.xcassets */; };
		44D88A092BDB5FA900EA6D06 /* DevelopmentTests.swift in Sources */ = {isa = PBXBuildFile; fileRef = 44D88A082BDB5FA900EA6D06 /* DevelopmentTests.swift */; };
		44D88A132BDB5FA900EA6D06 /* DevelopmentUITests.swift in Sources */ = {isa = PBXBuildFile; fileRef = 44D88A122BDB5FA900EA6D06 /* DevelopmentUITests.swift */; };
		44D88A152BDB5FA900EA6D06 /* DevelopmentUITestsLaunchTests.swift in Sources */ = {isa = PBXBuildFile; fileRef = 44D88A142BDB5FA900EA6D06 /* DevelopmentUITestsLaunchTests.swift */; };
/* End PBXBuildFile section */

/* Begin PBXContainerItemProxy section */
		44D88A052BDB5FA900EA6D06 /* PBXContainerItemProxy */ = {
			isa = PBXContainerItemProxy;
			containerPortal = 44D889EB2BDB5FA900EA6D06 /* Project object */;
			proxyType = 1;
			remoteGlobalIDString = 44D889F22BDB5FA900EA6D06;
			remoteInfo = Development;
		};
		44D88A0F2BDB5FA900EA6D06 /* PBXContainerItemProxy */ = {
			isa = PBXContainerItemProxy;
			containerPortal = 44D889EB2BDB5FA900EA6D06 /* Project object */;
			proxyType = 1;
			remoteGlobalIDString = 44D889F22BDB5FA900EA6D06;
			remoteInfo = Development;
		};
/* End PBXContainerItemProxy section */

/* Begin PBXFileReference section */
		44D889F32BDB5FA900EA6D06 /* Development.app */ = {isa = PBXFileReference; explicitFileType = wrapper.application; includeInIndex = 0; path = Development.app; sourceTree = BUILT_PRODUCTS_DIR; };
		44D889F62BDB5FA900EA6D06 /* DevelopmentApp.swift */ = {isa = PBXFileReference; lastKnownFileType = sourcecode.swift; path = DevelopmentApp.swift; sourceTree = "<group>"; };
		44D889F82BDB5FA900EA6D06 /* ContentView.swift */ = {isa = PBXFileReference; lastKnownFileType = sourcecode.swift; path = ContentView.swift; sourceTree = "<group>"; };
		44D889FA2BDB5FA900EA6D06 /* Assets.xcassets */ = {isa = PBXFileReference; lastKnownFileType = folder.assetcatalog; path = Assets.xcassets; sourceTree = "<group>"; };
		44D889FC2BDB5FA900EA6D06 /* Development.entitlements */ = {isa = PBXFileReference; lastKnownFileType = text.plist.entitlements; path = Development.entitlements; sourceTree = "<group>"; };
		44D889FE2BDB5FA900EA6D06 /* Preview Assets.xcassets */ = {isa = PBXFileReference; lastKnownFileType = folder.assetcatalog; path = "Preview Assets.xcassets"; sourceTree = "<group>"; };
		44D88A042BDB5FA900EA6D06 /* DevelopmentTests.xctest */ = {isa = PBXFileReference; explicitFileType = wrapper.cfbundle; includeInIndex = 0; path = DevelopmentTests.xctest; sourceTree = BUILT_PRODUCTS_DIR; };
		44D88A082BDB5FA900EA6D06 /* DevelopmentTests.swift */ = {isa = PBXFileReference; lastKnownFileType = sourcecode.swift; path = DevelopmentTests.swift; sourceTree = "<group>"; };
		44D88A0E2BDB5FA900EA6D06 /* DevelopmentUITests.xctest */ = {isa = PBXFileReference; explicitFileType = wrapper.cfbundle; includeInIndex = 0; path = DevelopmentUITests.xctest; sourceTree = BUILT_PRODUCTS_DIR; };
		44D88A122BDB5FA900EA6D06 /* DevelopmentUITests.swift */ = {isa = PBXFileReference; lastKnownFileType = sourcecode.swift; path = DevelopmentUITests.swift; sourceTree = "<group>"; };
		44D88A142BDB5FA900EA6D06 /* DevelopmentUITestsLaunchTests.swift */ = {isa = PBXFileReference; lastKnownFileType = sourcecode.swift; path = DevelopmentUITestsLaunchTests.swift; sourceTree = "<group>"; };
/* End PBXFileReference section */

/* Begin PBXFrameworksBuildPhase section */
		44D889F02BDB5FA900EA6D06 /* Frameworks */ = {
			isa = PBXFrameworksBuildPhase;
			buildActionMask = 2147483647;
			files = (
			);
			runOnlyForDeploymentPostprocessing = 0;
		};
		44D88A012BDB5FA900EA6D06 /* Frameworks */ = {
			isa = PBXFrameworksBuildPhase;
			buildActionMask = 2147483647;
			files = (
			);
			runOnlyForDeploymentPostprocessing = 0;
		};
		44D88A0B2BDB5FA900EA6D06 /* Frameworks */ = {
			isa = PBXFrameworksBuildPhase;
			buildActionMask = 2147483647;
			files = (
			);
			runOnlyForDeploymentPostprocessing = 0;
		};
/* End PBXFrameworksBuildPhase section */

/* Begin PBXGroup section */
		44D889EA2BDB5FA900EA6D06 = {
			isa = PBXGroup;
			children = (
				44D889F52BDB5FA900EA6D06 /* Development */,
				44D88A072BDB5FA900EA6D06 /* DevelopmentTests */,
				44D88A112BDB5FA900EA6D06 /* DevelopmentUITests */,
				44D889F42BDB5FA900EA6D06 /* Products */,
			);
			sourceTree = "<group>";
		};
		44D889F42BDB5FA900EA6D06 /* Products */ = {
			isa = PBXGroup;
			children = (
				44D889F32BDB5FA900EA6D06 /* Development.app */,
				44D88A042BDB5FA900EA6D06 /* DevelopmentTests.xctest */,
				44D88A0E2BDB5FA900EA6D06 /* DevelopmentUITests.xctest */,
			);
			name = Products;
			sourceTree = "<group>";
		};
		44D889F52BDB5FA900EA6D06 /* Development */ = {
			isa = PBXGroup;
			children = (
				44D889F62BDB5FA900EA6D06 /* DevelopmentApp.swift */,
				44D889F82BDB5FA900EA6D06 /* ContentView.swift */,
				44D889FA2BDB5FA900EA6D06 /* Assets.xcassets */,
				44D889FC2BDB5FA900EA6D06 /* Development.entitlements */,
				44D889FD2BDB5FA900EA6D06 /* Preview Content */,
			);
			path = Development;
			sourceTree = "<group>";
		};
		44D889FD2BDB5FA900EA6D06 /* Preview Content */ = {
			isa = PBXGroup;
			children = (
				44D889FE2BDB5FA900EA6D06 /* Preview Assets.xcassets */,
			);
			path = "Preview Content";
			sourceTree = "<group>";
		};
		44D88A072BDB5FA900EA6D06 /* DevelopmentTests */ = {
			isa = PBXGroup;
			children = (
				44D88A082BDB5FA900EA6D06 /* DevelopmentTests.swift */,
			);
			path = DevelopmentTests;
			sourceTree = "<group>";
		};
		44D88A112BDB5FA900EA6D06 /* DevelopmentUITests */ = {
			isa = PBXGroup;
			children = (
				44D88A122BDB5FA900EA6D06 /* DevelopmentUITests.swift */,
				44D88A142BDB5FA900EA6D06 /* DevelopmentUITestsLaunchTests.swift */,
			);
			path = DevelopmentUITests;
			sourceTree = "<group>";
		};
/* End PBXGroup section */

/* Begin PBXNativeTarget section */
		44D889F22BDB5FA900EA6D06 /* Development */ = {
			isa = PBXNativeTarget;
			buildConfigurationList = 44D88A182BDB5FA900EA6D06 /* Build configuration list for PBXNativeTarget "Development" */;
			buildPhases = (
				44D889EF2BDB5FA900EA6D06 /* Sources */,
				44D889F02BDB5FA900EA6D06 /* Frameworks */,
				44D889F12BDB5FA900EA6D06 /* Resources */,
			);
			buildRules = (
			);
			dependencies = (
			);
			name = Development;
			productName = Development;
			productReference = 44D889F32BDB5FA900EA6D06 /* Development.app */;
			productType = "com.apple.product-type.application";
		};
		44D88A032BDB5FA900EA6D06 /* DevelopmentTests */ = {
			isa = PBXNativeTarget;
			buildConfigurationList = 44D88A1B2BDB5FA900EA6D06 /* Build configuration list for PBXNativeTarget "DevelopmentTests" */;
			buildPhases = (
				44D88A002BDB5FA900EA6D06 /* Sources */,
				44D88A012BDB5FA900EA6D06 /* Frameworks */,
				44D88A022BDB5FA900EA6D06 /* Resources */,
			);
			buildRules = (
			);
			dependencies = (
				44D88A062BDB5FA900EA6D06 /* PBXTargetDependency */,
			);
			name = DevelopmentTests;
			productName = DevelopmentTests;
			productReference = 44D88A042BDB5FA900EA6D06 /* DevelopmentTests.xctest */;
			productType = "com.apple.product-type.bundle.unit-test";
		};
		44D88A0D2BDB5FA900EA6D06 /* DevelopmentUITests */ = {
			isa = PBXNativeTarget;
			buildConfigurationList = 44D88A1E2BDB5FA900EA6D06 /* Build configuration list for PBXNativeTarget "DevelopmentUITests" */;
			buildPhases = (
				44D88A0A2BDB5FA900EA6D06 /* Sources */,
				44D88A0B2BDB5FA900EA6D06 /* Frameworks */,
				44D88A0C2BDB5FA900EA6D06 /* Resources */,
			);
			buildRules = (
			);
			dependencies = (
				44D88A102BDB5FA900EA6D06 /* PBXTargetDependency */,
			);
			name = DevelopmentUITests;
			productName = DevelopmentUITests;
			productReference = 44D88A0E2BDB5FA900EA6D06 /* DevelopmentUITests.xctest */;
			productType = "com.apple.product-type.bundle.ui-testing";
		};
/* End PBXNativeTarget section */

/* Begin PBXProject section */
		44D889EB2BDB5FA900EA6D06 /* Project object */ = {
			isa = PBXProject;
			attributes = {
				BuildIndependentTargetsInParallel = 1;
				LastSwiftUpdateCheck = 1530;
				LastUpgradeCheck = 1530;
				TargetAttributes = {
					44D889F22BDB5FA900EA6D06 = {
						CreatedOnToolsVersion = 15.3;
					};
					44D88A032BDB5FA900EA6D06 = {
						CreatedOnToolsVersion = 15.3;
						TestTargetID = 44D889F22BDB5FA900EA6D06;
					};
					44D88A0D2BDB5FA900EA6D06 = {
						CreatedOnToolsVersion = 15.3;
						TestTargetID = 44D889F22BDB5FA900EA6D06;
					};
				};
			};
			buildConfigurationList = 44D889EE2BDB5FA900EA6D06 /* Build configuration list for PBXProject "Development" */;
			compatibilityVersion = "Xcode 14.0";
			developmentRegion = en;
			hasScannedForEncodings = 0;
			knownRegions = (
				en,
				Base,
			);
			mainGroup = 44D889EA2BDB5FA900EA6D06;
			productRefGroup = 44D889F42BDB5FA900EA6D06 /* Products */;
			projectDirPath = "";
			projectRoot = "";
			targets = (
				44D889F22BDB5FA900EA6D06 /* Development */,
				44D88A032BDB5FA900EA6D06 /* DevelopmentTests */,
				44D88A0D2BDB5FA900EA6D06 /* DevelopmentUITests */,
			);
		};
/* End PBXProject section */

/* Begin PBXResourcesBuildPhase section */
		44D889F12BDB5FA900EA6D06 /* Resources */ = {
			isa = PBXResourcesBuildPhase;
			buildActionMask = 2147483647;
			files = (
				44D889FF2BDB5FA900EA6D06 /* Preview Assets.xcassets in Resources */,
				44D889FB2BDB5FA900EA6D06 /* Assets.xcassets in Resources */,
			);
			runOnlyForDeploymentPostprocessing = 0;
		};
		44D88A022BDB5FA900EA6D06 /* Resources */ = {
			isa = PBXResourcesBuildPhase;
			buildActionMask = 2147483647;
			files = (
			);
			runOnlyForDeploymentPostprocessing = 0;
		};
		44D88A0C2BDB5FA900EA6D06 /* Resources */ = {
			isa = PBXResourcesBuildPhase;
			buildActionMask = 2147483647;
			files = (
			);
			runOnlyForDeploymentPostprocessing = 0;
		};
/* End PBXResourcesBuildPhase section */

/* Begin PBXSourcesBuildPhase section */
		44D889EF2BDB5FA900EA6D06 /* Sources */ = {
			isa = PBXSourcesBuildPhase;
			buildActionMask = 2147483647;
			files = (
				44D889F92BDB5FA900EA6D06 /* ContentView.swift in Sources */,
				44D889F72BDB5FA900EA6D06 /* DevelopmentApp.swift in Sources */,
			);
			runOnlyForDeploymentPostprocessing = 0;
		};
		44D88A002BDB5FA900EA6D06 /* Sources */ = {
			isa = PBXSourcesBuildPhase;
			buildActionMask = 2147483647;
			files = (
				44D88A092BDB5FA900EA6D06 /* DevelopmentTests.swift in Sources */,
			);
			runOnlyForDeploymentPostprocessing = 0;
		};
		44D88A0A2BDB5FA900EA6D06 /* Sources */ = {
			isa = PBXSourcesBuildPhase;
			buildActionMask = 2147483647;
			files = (
				44D88A152BDB5FA900EA6D06 /* DevelopmentUITestsLaunchTests.swift in Sources */,
				44D88A132BDB5FA900EA6D06 /* DevelopmentUITests.swift in Sources */,
			);
			runOnlyForDeploymentPostprocessing = 0;
		};
/* End PBXSourcesBuildPhase section */

/* Begin PBXTargetDependency section */
		44D88A062BDB5FA900EA6D06 /* PBXTargetDependency */ = {
			isa = PBXTargetDependency;
			target = 44D889F22BDB5FA900EA6D06 /* Development */;
			targetProxy = 44D88A052BDB5FA900EA6D06 /* PBXContainerItemProxy */;
		};
		44D88A102BDB5FA900EA6D06 /* PBXTargetDependency */ = {
			isa = PBXTargetDependency;
			target = 44D889F22BDB5FA900EA6D06 /* Development */;
			targetProxy = 44D88A0F2BDB5FA900EA6D06 /* PBXContainerItemProxy */;
		};
/* End PBXTargetDependency section */

/* Begin XCBuildConfiguration section */
		44D88A162BDB5FA900EA6D06 /* Debug */ = {
			isa = XCBuildConfiguration;
			buildSettings = {
				ALWAYS_SEARCH_USER_PATHS = NO;
				ASSETCATALOG_COMPILER_GENERATE_SWIFT_ASSET_SYMBOL_EXTENSIONS = YES;
				CLANG_ANALYZER_NONNULL = YES;
				CLANG_ANALYZER_NUMBER_OBJECT_CONVERSION = YES_AGGRESSIVE;
				CLANG_CXX_LANGUAGE_STANDARD = "gnu++20";
				CLANG_ENABLE_MODULES = YES;
				CLANG_ENABLE_OBJC_ARC = YES;
				CLANG_ENABLE_OBJC_WEAK = YES;
				CLANG_WARN_BLOCK_CAPTURE_AUTORELEASING = YES;
				CLANG_WARN_BOOL_CONVERSION = YES;
				CLANG_WARN_COMMA = YES;
				CLANG_WARN_CONSTANT_CONVERSION = YES;
				CLANG_WARN_DEPRECATED_OBJC_IMPLEMENTATIONS = YES;
				CLANG_WARN_DIRECT_OBJC_ISA_USAGE = YES_ERROR;
				CLANG_WARN_DOCUMENTATION_COMMENTS = YES;
				CLANG_WARN_EMPTY_BODY = YES;
				CLANG_WARN_ENUM_CONVERSION = YES;
				CLANG_WARN_INFINITE_RECURSION = YES;
				CLANG_WARN_INT_CONVERSION = YES;
				CLANG_WARN_NON_LITERAL_NULL_CONVERSION = YES;
				CLANG_WARN_OBJC_IMPLICIT_RETAIN_SELF = YES;
				CLANG_WARN_OBJC_LITERAL_CONVERSION = YES;
				CLANG_WARN_OBJC_ROOT_CLASS = YES_ERROR;
				CLANG_WARN_QUOTED_INCLUDE_IN_FRAMEWORK_HEADER = YES;
				CLANG_WARN_RANGE_LOOP_ANALYSIS = YES;
				CLANG_WARN_STRICT_PROTOTYPES = YES;
				CLANG_WARN_SUSPICIOUS_MOVE = YES;
				CLANG_WARN_UNGUARDED_AVAILABILITY = YES_AGGRESSIVE;
				CLANG_WARN_UNREACHABLE_CODE = YES;
				CLANG_WARN__DUPLICATE_METHOD_MATCH = YES;
				COPY_PHASE_STRIP = NO;
				DEBUG_INFORMATION_FORMAT = dwarf;
				ENABLE_STRICT_OBJC_MSGSEND = YES;
				ENABLE_TESTABILITY = YES;
				ENABLE_USER_SCRIPT_SANDBOXING = YES;
				GCC_C_LANGUAGE_STANDARD = gnu17;
				GCC_DYNAMIC_NO_PIC = NO;
				GCC_NO_COMMON_BLOCKS = YES;
				GCC_OPTIMIZATION_LEVEL = 0;
				GCC_PREPROCESSOR_DEFINITIONS = (
					"DEBUG=1",
					"$(inherited)",
				);
				GCC_WARN_64_TO_32_BIT_CONVERSION = YES;
				GCC_WARN_ABOUT_RETURN_TYPE = YES_ERROR;
				GCC_WARN_UNDECLARED_SELECTOR = YES;
				GCC_WARN_UNINITIALIZED_AUTOS = YES_AGGRESSIVE;
				GCC_WARN_UNUSED_FUNCTION = YES;
				GCC_WARN_UNUSED_VARIABLE = YES;
				LOCALIZATION_PREFERS_STRING_CATALOGS = YES;
				MTL_ENABLE_DEBUG_INFO = INCLUDE_SOURCE;
				MTL_FAST_MATH = YES;
				ONLY_ACTIVE_ARCH = YES;
				SWIFT_ACTIVE_COMPILATION_CONDITIONS = "DEBUG $(inherited)";
				SWIFT_OPTIMIZATION_LEVEL = "-Onone";
			};
			name = Debug;
		};
		44D88A172BDB5FA900EA6D06 /* Release */ = {
			isa = XCBuildConfiguration;
			buildSettings = {
				ALWAYS_SEARCH_USER_PATHS = NO;
				ASSETCATALOG_COMPILER_GENERATE_SWIFT_ASSET_SYMBOL_EXTENSIONS = YES;
				CLANG_ANALYZER_NONNULL = YES;
				CLANG_ANALYZER_NUMBER_OBJECT_CONVERSION = YES_AGGRESSIVE;
				CLANG_CXX_LANGUAGE_STANDARD = "gnu++20";
				CLANG_ENABLE_MODULES = YES;
				CLANG_ENABLE_OBJC_ARC = YES;
				CLANG_ENABLE_OBJC_WEAK = YES;
				CLANG_WARN_BLOCK_CAPTURE_AUTORELEASING = YES;
				CLANG_WARN_BOOL_CONVERSION = YES;
				CLANG_WARN_COMMA = YES;
				CLANG_WARN_CONSTANT_CONVERSION = YES;
				CLANG_WARN_DEPRECATED_OBJC_IMPLEMENTATIONS = YES;
				CLANG_WARN_DIRECT_OBJC_ISA_USAGE = YES_ERROR;
				CLANG_WARN_DOCUMENTATION_COMMENTS = YES;
				CLANG_WARN_EMPTY_BODY = YES;
				CLANG_WARN_ENUM_CONVERSION = YES;
				CLANG_WARN_INFINITE_RECURSION = YES;
				CLANG_WARN_INT_CONVERSION = YES;
				CLANG_WARN_NON_LITERAL_NULL_CONVERSION = YES;
				CLANG_WARN_OBJC_IMPLICIT_RETAIN_SELF = YES;
				CLANG_WARN_OBJC_LITERAL_CONVERSION = YES;
				CLANG_WARN_OBJC_ROOT_CLASS = YES_ERROR;
				CLANG_WARN_QUOTED_INCLUDE_IN_FRAMEWORK_HEADER = YES;
				CLANG_WARN_RANGE_LOOP_ANALYSIS = YES;
				CLANG_WARN_STRICT_PROTOTYPES = YES;
				CLANG_WARN_SUSPICIOUS_MOVE = YES;
				CLANG_WARN_UNGUARDED_AVAILABILITY = YES_AGGRESSIVE;
				CLANG_WARN_UNREACHABLE_CODE = YES;
				CLANG_WARN__DUPLICATE_METHOD_MATCH = YES;
				COPY_PHASE_STRIP = NO;
				DEBUG_INFORMATION_FORMAT = "dwarf-with-dsym";
				ENABLE_NS_ASSERTIONS = NO;
				ENABLE_STRICT_OBJC_MSGSEND = YES;
				ENABLE_USER_SCRIPT_SANDBOXING = YES;
				GCC_C_LANGUAGE_STANDARD = gnu17;
				GCC_NO_COMMON_BLOCKS = YES;
				GCC_WARN_64_TO_32_BIT_CONVERSION = YES;
				GCC_WARN_ABOUT_RETURN_TYPE = YES_ERROR;
				GCC_WARN_UNDECLARED_SELECTOR = YES;
				GCC_WARN_UNINITIALIZED_AUTOS = YES_AGGRESSIVE;
				GCC_WARN_UNUSED_FUNCTION = YES;
				GCC_WARN_UNUSED_VARIABLE = YES;
				LOCALIZATION_PREFERS_STRING_CATALOGS = YES;
				MTL_ENABLE_DEBUG_INFO = NO;
				MTL_FAST_MATH = YES;
				SWIFT_COMPILATION_MODE = wholemodule;
			};
			name = Release;
		};
		44D88A192BDB5FA900EA6D06 /* Debug */ = {
			isa = XCBuildConfiguration;
			buildSettings = {
				ASSETCATALOG_COMPILER_APPICON_NAME = AppIcon;
				ASSETCATALOG_COMPILER_GLOBAL_ACCENT_COLOR_NAME = AccentColor;
				CODE_SIGN_ENTITLEMENTS = Development/Development.entitlements;
				CODE_SIGN_STYLE = Automatic;
				CURRENT_PROJECT_VERSION = 1;
				DEVELOPMENT_ASSET_PATHS = "\"Development/Preview Content\"";
				DEVELOPMENT_TEAM = Z374HA4GH7;
				ENABLE_HARDENED_RUNTIME = YES;
				ENABLE_PREVIEWS = YES;
				GENERATE_INFOPLIST_FILE = YES;
				"INFOPLIST_KEY_UIApplicationSceneManifest_Generation[sdk=iphoneos*]" = YES;
				"INFOPLIST_KEY_UIApplicationSceneManifest_Generation[sdk=iphonesimulator*]" = YES;
				"INFOPLIST_KEY_UIApplicationSupportsIndirectInputEvents[sdk=iphoneos*]" = YES;
				"INFOPLIST_KEY_UIApplicationSupportsIndirectInputEvents[sdk=iphonesimulator*]" = YES;
				"INFOPLIST_KEY_UILaunchScreen_Generation[sdk=iphoneos*]" = YES;
				"INFOPLIST_KEY_UILaunchScreen_Generation[sdk=iphonesimulator*]" = YES;
				"INFOPLIST_KEY_UIStatusBarStyle[sdk=iphoneos*]" = UIStatusBarStyleDefault;
				"INFOPLIST_KEY_UIStatusBarStyle[sdk=iphonesimulator*]" = UIStatusBarStyleDefault;
				INFOPLIST_KEY_UISupportedInterfaceOrientations_iPad = "UIInterfaceOrientationPortrait UIInterfaceOrientationPortraitUpsideDown UIInterfaceOrientationLandscapeLeft UIInterfaceOrientationLandscapeRight";
				INFOPLIST_KEY_UISupportedInterfaceOrientations_iPhone = "UIInterfaceOrientationPortrait UIInterfaceOrientationLandscapeLeft UIInterfaceOrientationLandscapeRight";
				IPHONEOS_DEPLOYMENT_TARGET = 17.4;
				LD_RUNPATH_SEARCH_PATHS = "@executable_path/Frameworks";
				"LD_RUNPATH_SEARCH_PATHS[sdk=macosx*]" = "@executable_path/../Frameworks";
				MACOSX_DEPLOYMENT_TARGET = 14.4;
				MARKETING_VERSION = 1.0;
				PRODUCT_BUNDLE_IDENTIFIER = "com.suguru-takahashi.FIASample.Development";
				PRODUCT_NAME = "$(TARGET_NAME)";
				SDKROOT = auto;
				SUPPORTED_PLATFORMS = "iphoneos iphonesimulator macosx";
				SWIFT_EMIT_LOC_STRINGS = YES;
				SWIFT_VERSION = 5.0;
				TARGETED_DEVICE_FAMILY = "1,2";
			};
			name = Debug;
		};
		44D88A1A2BDB5FA900EA6D06 /* Release */ = {
			isa = XCBuildConfiguration;
			buildSettings = {
				ASSETCATALOG_COMPILER_APPICON_NAME = AppIcon;
				ASSETCATALOG_COMPILER_GLOBAL_ACCENT_COLOR_NAME = AccentColor;
				CODE_SIGN_ENTITLEMENTS = Development/Development.entitlements;
				CODE_SIGN_STYLE = Automatic;
				CURRENT_PROJECT_VERSION = 1;
				DEVELOPMENT_ASSET_PATHS = "\"Development/Preview Content\"";
				DEVELOPMENT_TEAM = Z374HA4GH7;
				ENABLE_HARDENED_RUNTIME = YES;
				ENABLE_PREVIEWS = YES;
				GENERATE_INFOPLIST_FILE = YES;
				"INFOPLIST_KEY_UIApplicationSceneManifest_Generation[sdk=iphoneos*]" = YES;
				"INFOPLIST_KEY_UIApplicationSceneManifest_Generation[sdk=iphonesimulator*]" = YES;
				"INFOPLIST_KEY_UIApplicationSupportsIndirectInputEvents[sdk=iphoneos*]" = YES;
				"INFOPLIST_KEY_UIApplicationSupportsIndirectInputEvents[sdk=iphonesimulator*]" = YES;
				"INFOPLIST_KEY_UILaunchScreen_Generation[sdk=iphoneos*]" = YES;
				"INFOPLIST_KEY_UILaunchScreen_Generation[sdk=iphonesimulator*]" = YES;
				"INFOPLIST_KEY_UIStatusBarStyle[sdk=iphoneos*]" = UIStatusBarStyleDefault;
				"INFOPLIST_KEY_UIStatusBarStyle[sdk=iphonesimulator*]" = UIStatusBarStyleDefault;
				INFOPLIST_KEY_UISupportedInterfaceOrientations_iPad = "UIInterfaceOrientationPortrait UIInterfaceOrientationPortraitUpsideDown UIInterfaceOrientationLandscapeLeft UIInterfaceOrientationLandscapeRight";
				INFOPLIST_KEY_UISupportedInterfaceOrientations_iPhone = "UIInterfaceOrientationPortrait UIInterfaceOrientationLandscapeLeft UIInterfaceOrientationLandscapeRight";
				IPHONEOS_DEPLOYMENT_TARGET = 17.4;
				LD_RUNPATH_SEARCH_PATHS = "@executable_path/Frameworks";
				"LD_RUNPATH_SEARCH_PATHS[sdk=macosx*]" = "@executable_path/../Frameworks";
				MACOSX_DEPLOYMENT_TARGET = 14.4;
				MARKETING_VERSION = 1.0;
				PRODUCT_BUNDLE_IDENTIFIER = "com.suguru-takahashi.FIASample.Development";
				PRODUCT_NAME = "$(TARGET_NAME)";
				SDKROOT = auto;
				SUPPORTED_PLATFORMS = "iphoneos iphonesimulator macosx";
				SWIFT_EMIT_LOC_STRINGS = YES;
				SWIFT_VERSION = 5.0;
				TARGETED_DEVICE_FAMILY = "1,2";
			};
			name = Release;
		};
		44D88A1C2BDB5FA900EA6D06 /* Debug */ = {
			isa = XCBuildConfiguration;
			buildSettings = {
				ALWAYS_EMBED_SWIFT_STANDARD_LIBRARIES = YES;
				BUNDLE_LOADER = "$(TEST_HOST)";
				CODE_SIGN_STYLE = Automatic;
				CURRENT_PROJECT_VERSION = 1;
				DEVELOPMENT_TEAM = Z374HA4GH7;
				GENERATE_INFOPLIST_FILE = YES;
				IPHONEOS_DEPLOYMENT_TARGET = 17.4;
				MACOSX_DEPLOYMENT_TARGET = 14.4;
				MARKETING_VERSION = 1.0;
				PRODUCT_BUNDLE_IDENTIFIER = "com.suguru-takahashi.FIASample.DevelopmentTests";
				PRODUCT_NAME = "$(TARGET_NAME)";
				SDKROOT = auto;
				SUPPORTED_PLATFORMS = "iphoneos iphonesimulator macosx";
				SWIFT_EMIT_LOC_STRINGS = NO;
				SWIFT_VERSION = 5.0;
				TARGETED_DEVICE_FAMILY = "1,2";
				TEST_HOST = "$(BUILT_PRODUCTS_DIR)/Development.app/$(BUNDLE_EXECUTABLE_FOLDER_PATH)/Development";
			};
			name = Debug;
		};
		44D88A1D2BDB5FA900EA6D06 /* Release */ = {
			isa = XCBuildConfiguration;
			buildSettings = {
				ALWAYS_EMBED_SWIFT_STANDARD_LIBRARIES = YES;
				BUNDLE_LOADER = "$(TEST_HOST)";
				CODE_SIGN_STYLE = Automatic;
				CURRENT_PROJECT_VERSION = 1;
				DEVELOPMENT_TEAM = Z374HA4GH7;
				GENERATE_INFOPLIST_FILE = YES;
				IPHONEOS_DEPLOYMENT_TARGET = 17.4;
				MACOSX_DEPLOYMENT_TARGET = 14.4;
				MARKETING_VERSION = 1.0;
				PRODUCT_BUNDLE_IDENTIFIER = "com.suguru-takahashi.FIASample.DevelopmentTests";
				PRODUCT_NAME = "$(TARGET_NAME)";
				SDKROOT = auto;
				SUPPORTED_PLATFORMS = "iphoneos iphonesimulator macosx";
				SWIFT_EMIT_LOC_STRINGS = NO;
				SWIFT_VERSION = 5.0;
				TARGETED_DEVICE_FAMILY = "1,2";
				TEST_HOST = "$(BUILT_PRODUCTS_DIR)/Development.app/$(BUNDLE_EXECUTABLE_FOLDER_PATH)/Development";
			};
			name = Release;
		};
		44D88A1F2BDB5FA900EA6D06 /* Debug */ = {
			isa = XCBuildConfiguration;
			buildSettings = {
				ALWAYS_EMBED_SWIFT_STANDARD_LIBRARIES = YES;
				CODE_SIGN_STYLE = Automatic;
				CURRENT_PROJECT_VERSION = 1;
				DEVELOPMENT_TEAM = Z374HA4GH7;
				GENERATE_INFOPLIST_FILE = YES;
				IPHONEOS_DEPLOYMENT_TARGET = 17.4;
				MACOSX_DEPLOYMENT_TARGET = 14.4;
				MARKETING_VERSION = 1.0;
				PRODUCT_BUNDLE_IDENTIFIER = "com.suguru-takahashi.FIASample.DevelopmentUITests";
				PRODUCT_NAME = "$(TARGET_NAME)";
				SDKROOT = auto;
				SUPPORTED_PLATFORMS = "iphoneos iphonesimulator macosx";
				SWIFT_EMIT_LOC_STRINGS = NO;
				SWIFT_VERSION = 5.0;
				TARGETED_DEVICE_FAMILY = "1,2";
				TEST_TARGET_NAME = Development;
			};
			name = Debug;
		};
		44D88A202BDB5FA900EA6D06 /* Release */ = {
			isa = XCBuildConfiguration;
			buildSettings = {
				ALWAYS_EMBED_SWIFT_STANDARD_LIBRARIES = YES;
				CODE_SIGN_STYLE = Automatic;
				CURRENT_PROJECT_VERSION = 1;
				DEVELOPMENT_TEAM = Z374HA4GH7;
				GENERATE_INFOPLIST_FILE = YES;
				IPHONEOS_DEPLOYMENT_TARGET = 17.4;
				MACOSX_DEPLOYMENT_TARGET = 14.4;
				MARKETING_VERSION = 1.0;
				PRODUCT_BUNDLE_IDENTIFIER = "com.suguru-takahashi.FIASample.DevelopmentUITests";
				PRODUCT_NAME = "$(TARGET_NAME)";
				SDKROOT = auto;
				SUPPORTED_PLATFORMS = "iphoneos iphonesimulator macosx";
				SWIFT_EMIT_LOC_STRINGS = NO;
				SWIFT_VERSION = 5.0;
				TARGETED_DEVICE_FAMILY = "1,2";
				TEST_TARGET_NAME = Development;
			};
			name = Release;
		};
/* End XCBuildConfiguration section */

/* Begin XCConfigurationList section */
		44D889EE2BDB5FA900EA6D06 /* Build configuration list for PBXProject "Development" */ = {
			isa = XCConfigurationList;
			buildConfigurations = (
				44D88A162BDB5FA900EA6D06 /* Debug */,
				44D88A172BDB5FA900EA6D06 /* Release */,
			);
			defaultConfigurationIsVisible = 0;
			defaultConfigurationName = Release;
		};
		44D88A182BDB5FA900EA6D06 /* Build configuration list for PBXNativeTarget "Development" */ = {
			isa = XCConfigurationList;
			buildConfigurations = (
				44D88A192BDB5FA900EA6D06 /* Debug */,
				44D88A1A2BDB5FA900EA6D06 /* Release */,
			);
			defaultConfigurationIsVisible = 0;
			defaultConfigurationName = Release;
		};
		44D88A1B2BDB5FA900EA6D06 /* Build configuration list for PBXNativeTarget "DevelopmentTests" */ = {
			isa = XCConfigurationList;
			buildConfigurations = (
				44D88A1C2BDB5FA900EA6D06 /* Debug */,
				44D88A1D2BDB5FA900EA6D06 /* Release */,
			);
			defaultConfigurationIsVisible = 0;
			defaultConfigurationName = Release;
		};
		44D88A1E2BDB5FA900EA6D06 /* Build configuration list for PBXNativeTarget "DevelopmentUITests" */ = {
			isa = XCConfigurationList;
			buildConfigurations = (
				44D88A1F2BDB5FA900EA6D06 /* Debug */,
				44D88A202BDB5FA900EA6D06 /* Release */,
			);
			defaultConfigurationIsVisible = 0;
			defaultConfigurationName = Release;
		};
/* End XCConfigurationList section */
	};
	rootObject = 44D889EB2BDB5FA900EA6D06 /* Project object */;
}
